// !$*UTF8*$!
{
	archiveVersion = 1;
	classes = {
	};
	objectVersion = 52;
	objects = {

/* Begin PBXBuildFile section */
		540381B7255787A500CF52E3 /* z_Toggle.swift in Sources */ = {isa = PBXBuildFile; fileRef = 54B9DF012557703A00A0E5ED /* z_Toggle.swift */; };
		540381C325578BD400CF52E3 /* z_EditButton.swift in Sources */ = {isa = PBXBuildFile; fileRef = 540381C125578BD400CF52E3 /* z_EditButton.swift */; };
		540381CA25578BDC00CF52E3 /* z_ContextMenu.swift in Sources */ = {isa = PBXBuildFile; fileRef = 540381C825578BDC00CF52E3 /* z_ContextMenu.swift */; };
		540381D225578C6800CF52E3 /* z_Picker.swift in Sources */ = {isa = PBXBuildFile; fileRef = 540381C725578BDA00CF52E3 /* z_Picker.swift */; };
		540381D425578C6800CF52E3 /* z_Slider.swift in Sources */ = {isa = PBXBuildFile; fileRef = 540381C625578BD900CF52E3 /* z_Slider.swift */; };
		540381D625578C6800CF52E3 /* z_Stepper.swift in Sources */ = {isa = PBXBuildFile; fileRef = 540381D125578C6000CF52E3 /* z_Stepper.swift */; };
		540381DD2557C8E700CF52E3 /* z_ForEach.swift in Sources */ = {isa = PBXBuildFile; fileRef = 540381DC2557C8E700CF52E3 /* z_ForEach.swift */; };
		54125F42254729FD004124D3 /* y_View.swift in Sources */ = {isa = PBXBuildFile; fileRef = 54125F41254729FD004124D3 /* y_View.swift */; };
		542A5F85254799E500CB7C9F /* y_View19000.swift in Sources */ = {isa = PBXBuildFile; fileRef = 54125F3E254729FA004124D3 /* y_View19000.swift */; };
		542A5F882547A05200CB7C9F /* y_View20000.swift in Sources */ = {isa = PBXBuildFile; fileRef = 545F851925472BAE00689264 /* y_View20000.swift */; };
		542A5F8E2547A97800CB7C9F /* y_View21000.swift in Sources */ = {isa = PBXBuildFile; fileRef = 545F852025472BB500689264 /* y_View21000.swift */; };
		542B620F254DB75C004859D1 /* y_ViewModifier22342.swift in Sources */ = {isa = PBXBuildFile; fileRef = 542B620E254DB75C004859D1 /* y_ViewModifier22342.swift */; };
		542B6210254DB75C004859D1 /* y_ViewModifier22342.swift in Sources */ = {isa = PBXBuildFile; fileRef = 542B620E254DB75C004859D1 /* y_ViewModifier22342.swift */; };
		545F853E254734CD00689264 /* y_View17179.swift in Sources */ = {isa = PBXBuildFile; fileRef = 545F853D254734CD00689264 /* y_View17179.swift */; };
		545F854B254739AD00689264 /* y_View18000.swift in Sources */ = {isa = PBXBuildFile; fileRef = 54125F39254729F8004124D3 /* y_View18000.swift */; };
		5467B48C256564F800822BB6 /* z_AngularGradient.swift in Sources */ = {isa = PBXBuildFile; fileRef = 5467B489256564AD00822BB6 /* z_AngularGradient.swift */; };
		5467B48F256564F900822BB6 /* z_AngularGradient.swift in Sources */ = {isa = PBXBuildFile; fileRef = 5467B489256564AD00822BB6 /* z_AngularGradient.swift */; };
		5467B4932565655000822BB6 /* z_RadialGradient.swift in Sources */ = {isa = PBXBuildFile; fileRef = 5467B4922565655000822BB6 /* z_RadialGradient.swift */; };
		5467B4942565655000822BB6 /* z_RadialGradient.swift in Sources */ = {isa = PBXBuildFile; fileRef = 5467B4922565655000822BB6 /* z_RadialGradient.swift */; };
		5467B4982565655100822BB6 /* z_LinearGradient.swift in Sources */ = {isa = PBXBuildFile; fileRef = 5467B4972565655100822BB6 /* z_LinearGradient.swift */; };
		5467B4992565655100822BB6 /* z_LinearGradient.swift in Sources */ = {isa = PBXBuildFile; fileRef = 5467B4972565655100822BB6 /* z_LinearGradient.swift */; };
		5467B49E2565655400822BB6 /* z_BackgroundStyle.swift in Sources */ = {isa = PBXBuildFile; fileRef = 5467B49D2565655400822BB6 /* z_BackgroundStyle.swift */; };
		5467B49F2565655400822BB6 /* z_BackgroundStyle.swift in Sources */ = {isa = PBXBuildFile; fileRef = 5467B49D2565655400822BB6 /* z_BackgroundStyle.swift */; };
		5467B4AE2565659800822BB6 /* z_SeparatorShapeStyle.swift in Sources */ = {isa = PBXBuildFile; fileRef = 5467B4AD2565659800822BB6 /* z_SeparatorShapeStyle.swift */; };
		5467B4AF2565659800822BB6 /* z_SeparatorShapeStyle.swift in Sources */ = {isa = PBXBuildFile; fileRef = 5467B4AD2565659800822BB6 /* z_SeparatorShapeStyle.swift */; };
		5467B4B32565659900822BB6 /* z_SelectionShapeStyle.swift in Sources */ = {isa = PBXBuildFile; fileRef = 5467B4B22565659900822BB6 /* z_SelectionShapeStyle.swift */; };
		5467B4B42565659900822BB6 /* z_SelectionShapeStyle.swift in Sources */ = {isa = PBXBuildFile; fileRef = 5467B4B22565659900822BB6 /* z_SelectionShapeStyle.swift */; };
		5467B4C02565668300822BB6 /* z_Gradient.swift in Sources */ = {isa = PBXBuildFile; fileRef = 5467B4BF2565668300822BB6 /* z_Gradient.swift */; };
		5467B4C12565668300822BB6 /* z_Gradient.swift in Sources */ = {isa = PBXBuildFile; fileRef = 5467B4BF2565668300822BB6 /* z_Gradient.swift */; };
		5467B4C72565673600822BB6 /* z_Angle.swift in Sources */ = {isa = PBXBuildFile; fileRef = 5467B4C62565673600822BB6 /* z_Angle.swift */; };
		5467B4C82565673600822BB6 /* z_Angle.swift in Sources */ = {isa = PBXBuildFile; fileRef = 5467B4C62565673600822BB6 /* z_Angle.swift */; };
		5467B4CE2565674000822BB6 /* z_Binding.swift in Sources */ = {isa = PBXBuildFile; fileRef = 5467B4CD2565674000822BB6 /* z_Binding.swift */; };
		5467B4CF2565674000822BB6 /* z_Binding.swift in Sources */ = {isa = PBXBuildFile; fileRef = 5467B4CD2565674000822BB6 /* z_Binding.swift */; };
		5467B4D625659C2E00822BB6 /* z_UnitPoint.swift in Sources */ = {isa = PBXBuildFile; fileRef = 5467B4D525659C2E00822BB6 /* z_UnitPoint.swift */; };
		5467B4D725659C2E00822BB6 /* z_UnitPoint.swift in Sources */ = {isa = PBXBuildFile; fileRef = 5467B4D525659C2E00822BB6 /* z_UnitPoint.swift */; };
		5467B4E025659C3B00822BB6 /* z_PinnedScrollableViews.swift in Sources */ = {isa = PBXBuildFile; fileRef = 5467B4DF25659C3B00822BB6 /* z_PinnedScrollableViews.swift */; };
		5467B4E125659C3B00822BB6 /* z_PinnedScrollableViews.swift in Sources */ = {isa = PBXBuildFile; fileRef = 5467B4DF25659C3B00822BB6 /* z_PinnedScrollableViews.swift */; };
		5467B4EE2565C1C600822BB6 /* z_Edge.swift in Sources */ = {isa = PBXBuildFile; fileRef = 5467B4D425659C1500822BB6 /* z_Edge.swift */; };
		5467B4F12565C1C700822BB6 /* z_Edge.swift in Sources */ = {isa = PBXBuildFile; fileRef = 5467B4D425659C1500822BB6 /* z_Edge.swift */; };
		5467B4F42565CFC900822BB6 /* z_ForegroundStyle.swift in Sources */ = {isa = PBXBuildFile; fileRef = 5467B4A22565655600822BB6 /* z_ForegroundStyle.swift */; };
		5467B4F72565CFCA00822BB6 /* z_ForegroundStyle.swift in Sources */ = {isa = PBXBuildFile; fileRef = 5467B4A22565655600822BB6 /* z_ForegroundStyle.swift */; };
		5467B4FA2565D00500822BB6 /* z_ImagePaint.swift in Sources */ = {isa = PBXBuildFile; fileRef = 5467B49C2565655300822BB6 /* z_ImagePaint.swift */; };
		5467B4FD2565D00600822BB6 /* z_ImagePaint.swift in Sources */ = {isa = PBXBuildFile; fileRef = 5467B49C2565655300822BB6 /* z_ImagePaint.swift */; };
		54738F0F2551AEE400D23741 /* z__OffsetEffect.swift in Sources */ = {isa = PBXBuildFile; fileRef = 54738F0E2551AEE400D23741 /* z__OffsetEffect.swift */; };
		54738F102551AEE400D23741 /* z__OffsetEffect.swift in Sources */ = {isa = PBXBuildFile; fileRef = 54738F0E2551AEE400D23741 /* z__OffsetEffect.swift */; };
		547724DB2564218200C5444F /* y_InsettableShape8045.swift in Sources */ = {isa = PBXBuildFile; fileRef = 547724DA2564212500C5444F /* y_InsettableShape8045.swift */; };
		547724DE2564218200C5444F /* y_InsettableShape8045.swift in Sources */ = {isa = PBXBuildFile; fileRef = 547724DA2564212500C5444F /* y_InsettableShape8045.swift */; };
		547724E4256423D000C5444F /* y_Shape13178.swift in Sources */ = {isa = PBXBuildFile; fileRef = 547724E3256423AA00C5444F /* y_Shape13178.swift */; };
		547724E7256423D000C5444F /* y_Shape13178.swift in Sources */ = {isa = PBXBuildFile; fileRef = 547724E3256423AA00C5444F /* y_Shape13178.swift */; };
		547E9808253491D800E48BD2 /* UI_TestsApp.swift in Sources */ = {isa = PBXBuildFile; fileRef = 547E97F5253491D700E48BD2 /* UI_TestsApp.swift */; };
		547E980A253491D800E48BD2 /* TestView.swift in Sources */ = {isa = PBXBuildFile; fileRef = 547E97F6253491D700E48BD2 /* TestView.swift */; };
		547E980B253491D800E48BD2 /* TestView.swift in Sources */ = {isa = PBXBuildFile; fileRef = 547E97F6253491D700E48BD2 /* TestView.swift */; };
		547E980C253491D800E48BD2 /* Assets.xcassets in Resources */ = {isa = PBXBuildFile; fileRef = 547E97F7253491D800E48BD2 /* Assets.xcassets */; };
		547E980D253491D800E48BD2 /* Assets.xcassets in Resources */ = {isa = PBXBuildFile; fileRef = 547E97F7253491D800E48BD2 /* Assets.xcassets */; };
		547E98302534922500E48BD2 /* SwiftUIJson in Frameworks */ = {isa = PBXBuildFile; productRef = 547E982F2534922500E48BD2 /* SwiftUIJson */; };
		547E98322534922B00E48BD2 /* SwiftUIJson in Frameworks */ = {isa = PBXBuildFile; productRef = 547E98312534922B00E48BD2 /* SwiftUIJson */; };
		5492CB7F2557790600C5B326 /* z_DatePicker.swift in Sources */ = {isa = PBXBuildFile; fileRef = 54B9DF002557703700A0E5ED /* z_DatePicker.swift */; };
		5493C1DC2544FF7A00AD94F5 /* z_Animation.swift in Sources */ = {isa = PBXBuildFile; fileRef = 5493C1C42544FF7A00AD94F5 /* z_Animation.swift */; };
		5493C1DD2544FF7A00AD94F5 /* z_Animation.swift in Sources */ = {isa = PBXBuildFile; fileRef = 5493C1C42544FF7A00AD94F5 /* z_Animation.swift */; };
		5493C1DE2544FF7A00AD94F5 /* z_Accessibility.swift in Sources */ = {isa = PBXBuildFile; fileRef = 5493C1C52544FF7A00AD94F5 /* z_Accessibility.swift */; };
		5493C1DF2544FF7A00AD94F5 /* z_Accessibility.swift in Sources */ = {isa = PBXBuildFile; fileRef = 5493C1C52544FF7A00AD94F5 /* z_Accessibility.swift */; };
		5493C1E02544FF7A00AD94F5 /* y_DynaType.swift in Sources */ = {isa = PBXBuildFile; fileRef = 5493C1C72544FF7A00AD94F5 /* y_DynaType.swift */; };
		5493C1E12544FF7A00AD94F5 /* y_DynaType.swift in Sources */ = {isa = PBXBuildFile; fileRef = 5493C1C72544FF7A00AD94F5 /* y_DynaType.swift */; };
		5493C1E22544FF7A00AD94F5 /* z_Json.swift in Sources */ = {isa = PBXBuildFile; fileRef = 5493C1C82544FF7A00AD94F5 /* z_Json.swift */; };
		5493C1E32544FF7A00AD94F5 /* z_Json.swift in Sources */ = {isa = PBXBuildFile; fileRef = 5493C1C82544FF7A00AD94F5 /* z_Json.swift */; };
		5493C1E42544FF7A00AD94F5 /* z_Color.swift in Sources */ = {isa = PBXBuildFile; fileRef = 5493C1C92544FF7A00AD94F5 /* z_Color.swift */; };
		5493C1E52544FF7A00AD94F5 /* z_Color.swift in Sources */ = {isa = PBXBuildFile; fileRef = 5493C1C92544FF7A00AD94F5 /* z_Color.swift */; };
		5493C1E62544FF7A00AD94F5 /* z_Font.swift in Sources */ = {isa = PBXBuildFile; fileRef = 5493C1CA2544FF7A00AD94F5 /* z_Font.swift */; };
		5493C1E72544FF7A00AD94F5 /* z_Font.swift in Sources */ = {isa = PBXBuildFile; fileRef = 5493C1CA2544FF7A00AD94F5 /* z_Font.swift */; };
		5493C1E82544FF7A00AD94F5 /* z__PaddingLayout.swift in Sources */ = {isa = PBXBuildFile; fileRef = 5493C1CC2544FF7A00AD94F5 /* z__PaddingLayout.swift */; };
		5493C1E92544FF7A00AD94F5 /* z__PaddingLayout.swift in Sources */ = {isa = PBXBuildFile; fileRef = 5493C1CC2544FF7A00AD94F5 /* z__PaddingLayout.swift */; };
		5493C1EB2544FF7A00AD94F5 /* z_EmptyView.swift in Sources */ = {isa = PBXBuildFile; fileRef = 5493C1CE2544FF7A00AD94F5 /* z_EmptyView.swift */; };
		5493C1ED2544FF7A00AD94F5 /* z_Divider.swift in Sources */ = {isa = PBXBuildFile; fileRef = 5493C1CF2544FF7A00AD94F5 /* z_Divider.swift */; };
		5493C1EF2544FF7A00AD94F5 /* z_Image.swift in Sources */ = {isa = PBXBuildFile; fileRef = 5493C1D02544FF7A00AD94F5 /* z_Image.swift */; };
		5493C1F12544FF7A00AD94F5 /* z_VStack.swift in Sources */ = {isa = PBXBuildFile; fileRef = 5493C1D12544FF7A00AD94F5 /* z_VStack.swift */; };
		5493C1F32544FF7A00AD94F5 /* z_HStack.swift in Sources */ = {isa = PBXBuildFile; fileRef = 5493C1D22544FF7A00AD94F5 /* z_HStack.swift */; };
		5493C1F52544FF7A00AD94F5 /* z_ZStack.swift in Sources */ = {isa = PBXBuildFile; fileRef = 5493C1D32544FF7A00AD94F5 /* z_ZStack.swift */; };
		5493C1F62544FF7A00AD94F5 /* z__ConditionalContent.swift in Sources */ = {isa = PBXBuildFile; fileRef = 5493C1D52544FF7A00AD94F5 /* z__ConditionalContent.swift */; };
		5493C1F72544FF7A00AD94F5 /* z__ConditionalContent.swift in Sources */ = {isa = PBXBuildFile; fileRef = 5493C1D52544FF7A00AD94F5 /* z__ConditionalContent.swift */; };
		5493C1F82544FF7A00AD94F5 /* z_TupleView.swift in Sources */ = {isa = PBXBuildFile; fileRef = 5493C1D62544FF7A00AD94F5 /* z_TupleView.swift */; };
		5493C1F92544FF7A00AD94F5 /* z_TupleView.swift in Sources */ = {isa = PBXBuildFile; fileRef = 5493C1D62544FF7A00AD94F5 /* z_TupleView.swift */; };
		5493C1FA2544FF7A00AD94F5 /* z_AnyView.swift in Sources */ = {isa = PBXBuildFile; fileRef = 5493C1D72544FF7A00AD94F5 /* z_AnyView.swift */; };
		5493C1FB2544FF7A00AD94F5 /* z_AnyView.swift in Sources */ = {isa = PBXBuildFile; fileRef = 5493C1D72544FF7A00AD94F5 /* z_AnyView.swift */; };
		5493C1FD2544FF7A00AD94F5 /* z_LazyVStack.swift in Sources */ = {isa = PBXBuildFile; fileRef = 5493C1D82544FF7A00AD94F5 /* z_LazyVStack.swift */; };
		5493C1FF2544FF7A00AD94F5 /* z_Spacer.swift in Sources */ = {isa = PBXBuildFile; fileRef = 5493C1D92544FF7A00AD94F5 /* z_Spacer.swift */; };
		5493C2012544FF7A00AD94F5 /* z_LazyHStack.swift in Sources */ = {isa = PBXBuildFile; fileRef = 5493C1DA2544FF7A00AD94F5 /* z_LazyHStack.swift */; };
		5493C2032544FF7A00AD94F5 /* z_Text.swift in Sources */ = {isa = PBXBuildFile; fileRef = 5493C1DB2544FF7A00AD94F5 /* z_Text.swift */; };
		549D7C4F253B625F00E70B72 /* UI_TestsApp.swift in Sources */ = {isa = PBXBuildFile; fileRef = 547E97F5253491D700E48BD2 /* UI_TestsApp.swift */; };
		54B9DF032557703C00A0E5ED /* z_Button.swift in Sources */ = {isa = PBXBuildFile; fileRef = 54B9DF022557703C00A0E5ED /* z_Button.swift */; };
		54D82F20256211210033169D /* z_Circle.swift in Sources */ = {isa = PBXBuildFile; fileRef = 54738F212551B61400D23741 /* z_Circle.swift */; };
		54D82F23256211210033169D /* z_Circle.swift in Sources */ = {isa = PBXBuildFile; fileRef = 54738F212551B61400D23741 /* z_Circle.swift */; };
		54D82F27256211280033169D /* z_RoundedRectangle.swift in Sources */ = {isa = PBXBuildFile; fileRef = 54D82F26256211280033169D /* z_RoundedRectangle.swift */; };
		54D82F28256211280033169D /* z_RoundedRectangle.swift in Sources */ = {isa = PBXBuildFile; fileRef = 54D82F26256211280033169D /* z_RoundedRectangle.swift */; };
		54D82F2C256211600033169D /* z_ScaledShape.swift in Sources */ = {isa = PBXBuildFile; fileRef = 54D82F2B256211600033169D /* z_ScaledShape.swift */; };
		54D82F2D256211600033169D /* z_ScaledShape.swift in Sources */ = {isa = PBXBuildFile; fileRef = 54D82F2B256211600033169D /* z_ScaledShape.swift */; };
		54D82F31256211610033169D /* z_RotatedShape.swift in Sources */ = {isa = PBXBuildFile; fileRef = 54D82F30256211610033169D /* z_RotatedShape.swift */; };
		54D82F32256211610033169D /* z_RotatedShape.swift in Sources */ = {isa = PBXBuildFile; fileRef = 54D82F30256211610033169D /* z_RotatedShape.swift */; };
		54D82F39256211640033169D /* z_Path.swift in Sources */ = {isa = PBXBuildFile; fileRef = 54D82F38256211640033169D /* z_Path.swift */; };
		54D82F3A256211640033169D /* z_Path.swift in Sources */ = {isa = PBXBuildFile; fileRef = 54D82F38256211640033169D /* z_Path.swift */; };
		54D82F3E256211650033169D /* z_OffsetShape.swift in Sources */ = {isa = PBXBuildFile; fileRef = 54D82F3D256211650033169D /* z_OffsetShape.swift */; };
		54D82F3F256211650033169D /* z_OffsetShape.swift in Sources */ = {isa = PBXBuildFile; fileRef = 54D82F3D256211650033169D /* z_OffsetShape.swift */; };
		54D82F49256211690033169D /* z_Capsule.swift in Sources */ = {isa = PBXBuildFile; fileRef = 54D82F48256211690033169D /* z_Capsule.swift */; };
		54D82F4A256211690033169D /* z_Capsule.swift in Sources */ = {isa = PBXBuildFile; fileRef = 54D82F48256211690033169D /* z_Capsule.swift */; };
		54D82F5A256212280033169D /* z_TransformedShape.swift in Sources */ = {isa = PBXBuildFile; fileRef = 54D82F59256212280033169D /* z_TransformedShape.swift */; };
		54D82F5B256212280033169D /* z_TransformedShape.swift in Sources */ = {isa = PBXBuildFile; fileRef = 54D82F59256212280033169D /* z_TransformedShape.swift */; };
		54D82F64256216190033169D /* z_Ellipse.swift in Sources */ = {isa = PBXBuildFile; fileRef = 54D82F42256211660033169D /* z_Ellipse.swift */; };
		54D82F67256216190033169D /* z_Ellipse.swift in Sources */ = {isa = PBXBuildFile; fileRef = 54D82F42256211660033169D /* z_Ellipse.swift */; };
		54D82F6A2562161C0033169D /* z_ContainerRelativeShape.swift in Sources */ = {isa = PBXBuildFile; fileRef = 54D82F45256211680033169D /* z_ContainerRelativeShape.swift */; };
		54D82F6D2562161C0033169D /* z_ContainerRelativeShape.swift in Sources */ = {isa = PBXBuildFile; fileRef = 54D82F45256211680033169D /* z_ContainerRelativeShape.swift */; };
		54D82F70256216260033169D /* z_Rectangle.swift in Sources */ = {isa = PBXBuildFile; fileRef = 54D82F35256211620033169D /* z_Rectangle.swift */; };
		54D82F73256216260033169D /* z_Rectangle.swift in Sources */ = {isa = PBXBuildFile; fileRef = 54D82F35256211620033169D /* z_Rectangle.swift */; };
		54D8E0E9256AE1D100050BC1 /* z_GeometryReader.swift in Sources */ = {isa = PBXBuildFile; fileRef = 54D8E0E8256AE1D100050BC1 /* z_GeometryReader.swift */; };
		54D8E0F7256B013200050BC1 /* z_EquatableView.swift in Sources */ = {isa = PBXBuildFile; fileRef = 54D8E0F5256B013200050BC1 /* z_EquatableView.swift */; };
		54D8E0FF256B018900050BC1 /* z_Form.swift in Sources */ = {isa = PBXBuildFile; fileRef = 54D8E0FE256B018900050BC1 /* z_Form.swift */; };
		54D8E109256B033800050BC1 /* z_Section.swift in Sources */ = {isa = PBXBuildFile; fileRef = 54D8E107256B033800050BC1 /* z_Section.swift */; };
		54D8E10E256B033A00050BC1 /* z_SecureField.swift in Sources */ = {isa = PBXBuildFile; fileRef = 54D8E10C256B033A00050BC1 /* z_SecureField.swift */; };
		54D8E11B256B049900050BC1 /* z_ScrollView.swift in Sources */ = {isa = PBXBuildFile; fileRef = 54D8E117256B045E00050BC1 /* z_ScrollView.swift */; };
		54D8E124256B323F00050BC1 /* z_GroupBox.swift in Sources */ = {isa = PBXBuildFile; fileRef = 54D8E122256B323F00050BC1 /* z_GroupBox.swift */; };
		54D8E129256B324000050BC1 /* z_Group.swift in Sources */ = {isa = PBXBuildFile; fileRef = 54D8E127256B324000050BC1 /* z_Group.swift */; };
		54D8E131256B33AD00050BC1 /* z_VSplitView.swift in Sources */ = {isa = PBXBuildFile; fileRef = 54D8E130256B33AD00050BC1 /* z_VSplitView.swift */; };
		54D8E13A256B33D300050BC1 /* z_SubscriptionView.swift in Sources */ = {isa = PBXBuildFile; fileRef = 54D8E138256B33D300050BC1 /* z_SubscriptionView.swift */; };
		54D8E13F256B33D500050BC1 /* z_NavigationView.swift in Sources */ = {isa = PBXBuildFile; fileRef = 54D8E13E256B33D500050BC1 /* z_NavigationView.swift */; };
		54D8E143256B33D600050BC1 /* z_NavigationLink.swift in Sources */ = {isa = PBXBuildFile; fileRef = 54D8E141256B33D600050BC1 /* z_NavigationLink.swift */; };
		54D8E154256B345800050BC1 /* z_List.swift in Sources */ = {isa = PBXBuildFile; fileRef = 54D8E152256B345800050BC1 /* z_List.swift */; };
		54D8E16B256B34DB00050BC1 /* z_Text.swift in Sources */ = {isa = PBXBuildFile; fileRef = 5493C1DB2544FF7A00AD94F5 /* z_Text.swift */; };
		54D8E16C256B34DB00050BC1 /* z_TextField.swift in Sources */ = {isa = PBXBuildFile; fileRef = 54D8E136256B33D100050BC1 /* z_TextField.swift */; };
		54D8E16D256B34DB00050BC1 /* z_EquatableView.swift in Sources */ = {isa = PBXBuildFile; fileRef = 54D8E0F5256B013200050BC1 /* z_EquatableView.swift */; };
		54D8E16E256B34DB00050BC1 /* z_Button.swift in Sources */ = {isa = PBXBuildFile; fileRef = 54B9DF022557703C00A0E5ED /* z_Button.swift */; };
		54D8E16F256B34DB00050BC1 /* z_ContextMenu.swift in Sources */ = {isa = PBXBuildFile; fileRef = 540381C825578BDC00CF52E3 /* z_ContextMenu.swift */; };
		54D8E170256B34DB00050BC1 /* z_Group.swift in Sources */ = {isa = PBXBuildFile; fileRef = 54D8E127256B324000050BC1 /* z_Group.swift */; };
		54D8E171256B34DB00050BC1 /* z_Divider.swift in Sources */ = {isa = PBXBuildFile; fileRef = 5493C1CF2544FF7A00AD94F5 /* z_Divider.swift */; };
		54D8E172256B34DB00050BC1 /* z_Image.swift in Sources */ = {isa = PBXBuildFile; fileRef = 5493C1D02544FF7A00AD94F5 /* z_Image.swift */; };
		54D8E173256B34DB00050BC1 /* z_List.swift in Sources */ = {isa = PBXBuildFile; fileRef = 54D8E152256B345800050BC1 /* z_List.swift */; };
		54D8E174256B34DB00050BC1 /* z_TouchBar.swift in Sources */ = {isa = PBXBuildFile; fileRef = 54D8E135256B33CF00050BC1 /* z_TouchBar.swift */; };
		54D8E175256B34DB00050BC1 /* z_HSplitView.swift in Sources */ = {isa = PBXBuildFile; fileRef = 54D8E121256B323D00050BC1 /* z_HSplitView.swift */; };
		54D8E176256B34DB00050BC1 /* y_View21000.swift in Sources */ = {isa = PBXBuildFile; fileRef = 545F852025472BB500689264 /* y_View21000.swift */; };
		54D8E177256B34DB00050BC1 /* z_LazyHStack.swift in Sources */ = {isa = PBXBuildFile; fileRef = 5493C1DA2544FF7A00AD94F5 /* z_LazyHStack.swift */; };
		54D8E178256B34DB00050BC1 /* z_NavigationLink.swift in Sources */ = {isa = PBXBuildFile; fileRef = 54D8E141256B33D600050BC1 /* z_NavigationLink.swift */; };
		54D8E179256B34DB00050BC1 /* z_MenuButton.swift in Sources */ = {isa = PBXBuildFile; fileRef = 54D8E14C256B344C00050BC1 /* z_MenuButton.swift */; };
		54D8E17A256B34DB00050BC1 /* z_ScrollView.swift in Sources */ = {isa = PBXBuildFile; fileRef = 54D8E117256B045E00050BC1 /* z_ScrollView.swift */; };
		54D8E17B256B34DB00050BC1 /* z_Slider.swift in Sources */ = {isa = PBXBuildFile; fileRef = 540381C625578BD900CF52E3 /* z_Slider.swift */; };
		54D8E17C256B34DB00050BC1 /* z_EmptyView.swift in Sources */ = {isa = PBXBuildFile; fileRef = 5493C1CE2544FF7A00AD94F5 /* z_EmptyView.swift */; };
		54D8E17D256B34DB00050BC1 /* z_ForEach.swift in Sources */ = {isa = PBXBuildFile; fileRef = 540381DC2557C8E700CF52E3 /* z_ForEach.swift */; };
		54D8E17E256B34DB00050BC1 /* y_View.swift in Sources */ = {isa = PBXBuildFile; fileRef = 54125F41254729FD004124D3 /* y_View.swift */; };
		54D8E17F256B34DB00050BC1 /* z_VStack.swift in Sources */ = {isa = PBXBuildFile; fileRef = 5493C1D12544FF7A00AD94F5 /* z_VStack.swift */; };
		54D8E180256B34DB00050BC1 /* z_Form.swift in Sources */ = {isa = PBXBuildFile; fileRef = 54D8E0FE256B018900050BC1 /* z_Form.swift */; };
		54D8E181256B34DB00050BC1 /* z_DatePicker.swift in Sources */ = {isa = PBXBuildFile; fileRef = 54B9DF002557703700A0E5ED /* z_DatePicker.swift */; };
		54D8E182256B34DB00050BC1 /* z_TabView.swift in Sources */ = {isa = PBXBuildFile; fileRef = 54D8E137256B33D200050BC1 /* z_TabView.swift */; };
		54D8E183256B34DB00050BC1 /* z_HStack.swift in Sources */ = {isa = PBXBuildFile; fileRef = 5493C1D22544FF7A00AD94F5 /* z_HStack.swift */; };
		54D8E184256B34DB00050BC1 /* y_View17179.swift in Sources */ = {isa = PBXBuildFile; fileRef = 545F853D254734CD00689264 /* y_View17179.swift */; };
		54D8E185256B34DB00050BC1 /* z_Picker.swift in Sources */ = {isa = PBXBuildFile; fileRef = 540381C725578BDA00CF52E3 /* z_Picker.swift */; };
		54D8E186256B34DB00050BC1 /* z_LazyVStack.swift in Sources */ = {isa = PBXBuildFile; fileRef = 5493C1D82544FF7A00AD94F5 /* z_LazyVStack.swift */; };
		54D8E187256B34DB00050BC1 /* y_View20000.swift in Sources */ = {isa = PBXBuildFile; fileRef = 545F851925472BAE00689264 /* y_View20000.swift */; };
		54D8E188256B34DB00050BC1 /* z_EditButton.swift in Sources */ = {isa = PBXBuildFile; fileRef = 540381C125578BD400CF52E3 /* z_EditButton.swift */; };
		54D8E189256B34DB00050BC1 /* z_GeometryReader.swift in Sources */ = {isa = PBXBuildFile; fileRef = 54D8E0E8256AE1D100050BC1 /* z_GeometryReader.swift */; };
		54D8E18A256B34DB00050BC1 /* z_VSplitView.swift in Sources */ = {isa = PBXBuildFile; fileRef = 54D8E130256B33AD00050BC1 /* z_VSplitView.swift */; };
		54D8E18B256B34DB00050BC1 /* z_SecureField.swift in Sources */ = {isa = PBXBuildFile; fileRef = 54D8E10C256B033A00050BC1 /* z_SecureField.swift */; };
		54D8E18C256B34DB00050BC1 /* y_View18000.swift in Sources */ = {isa = PBXBuildFile; fileRef = 54125F39254729F8004124D3 /* y_View18000.swift */; };
		54D8E18D256B34DB00050BC1 /* z_NavigationView.swift in Sources */ = {isa = PBXBuildFile; fileRef = 54D8E13E256B33D500050BC1 /* z_NavigationView.swift */; };
		54D8E18E256B34DB00050BC1 /* z_PasteButton.swift in Sources */ = {isa = PBXBuildFile; fileRef = 54D8E13D256B33D400050BC1 /* z_PasteButton.swift */; };
		54D8E18F256B34DB00050BC1 /* z_GroupBox.swift in Sources */ = {isa = PBXBuildFile; fileRef = 54D8E122256B323F00050BC1 /* z_GroupBox.swift */; };
		54D8E190256B34DB00050BC1 /* z_SubscriptionView.swift in Sources */ = {isa = PBXBuildFile; fileRef = 54D8E138256B33D300050BC1 /* z_SubscriptionView.swift */; };
		54D8E191256B34DB00050BC1 /* z_Spacer.swift in Sources */ = {isa = PBXBuildFile; fileRef = 5493C1D92544FF7A00AD94F5 /* z_Spacer.swift */; };
		54D8E192256B34DB00050BC1 /* y_View19000.swift in Sources */ = {isa = PBXBuildFile; fileRef = 54125F3E254729FA004124D3 /* y_View19000.swift */; };
		54D8E193256B34DB00050BC1 /* z_Stepper.swift in Sources */ = {isa = PBXBuildFile; fileRef = 540381D125578C6000CF52E3 /* z_Stepper.swift */; };
		54D8E194256B34DB00050BC1 /* z_ZStack.swift in Sources */ = {isa = PBXBuildFile; fileRef = 5493C1D32544FF7A00AD94F5 /* z_ZStack.swift */; };
		54D8E195256B34DB00050BC1 /* z_Toggle.swift in Sources */ = {isa = PBXBuildFile; fileRef = 54B9DF012557703A00A0E5ED /* z_Toggle.swift */; };
		54D8E196256B34DB00050BC1 /* z_Section.swift in Sources */ = {isa = PBXBuildFile; fileRef = 54D8E107256B033800050BC1 /* z_Section.swift */; };
		54D8E197256B34DC00050BC1 /* z_TextField.swift in Sources */ = {isa = PBXBuildFile; fileRef = 54D8E136256B33D100050BC1 /* z_TextField.swift */; };
		54D8E198256B34DC00050BC1 /* z_TouchBar.swift in Sources */ = {isa = PBXBuildFile; fileRef = 54D8E135256B33CF00050BC1 /* z_TouchBar.swift */; };
		54D8E199256B34DC00050BC1 /* z_HSplitView.swift in Sources */ = {isa = PBXBuildFile; fileRef = 54D8E121256B323D00050BC1 /* z_HSplitView.swift */; };
		54D8E19A256B34DC00050BC1 /* z_MenuButton.swift in Sources */ = {isa = PBXBuildFile; fileRef = 54D8E14C256B344C00050BC1 /* z_MenuButton.swift */; };
		54D8E19B256B34DC00050BC1 /* z_TabView.swift in Sources */ = {isa = PBXBuildFile; fileRef = 54D8E137256B33D200050BC1 /* z_TabView.swift */; };
		54D8E19C256B34DC00050BC1 /* z_PasteButton.swift in Sources */ = {isa = PBXBuildFile; fileRef = 54D8E13D256B33D400050BC1 /* z_PasteButton.swift */; };
/* End PBXBuildFile section */

/* Begin PBXFileReference section */
		540381C125578BD400CF52E3 /* z_EditButton.swift */ = {isa = PBXFileReference; lastKnownFileType = sourcecode.swift; path = z_EditButton.swift; sourceTree = "<group>"; };
		540381C625578BD900CF52E3 /* z_Slider.swift */ = {isa = PBXFileReference; lastKnownFileType = sourcecode.swift; path = z_Slider.swift; sourceTree = "<group>"; };
		540381C725578BDA00CF52E3 /* z_Picker.swift */ = {isa = PBXFileReference; lastKnownFileType = sourcecode.swift; path = z_Picker.swift; sourceTree = "<group>"; };
		540381C825578BDC00CF52E3 /* z_ContextMenu.swift */ = {isa = PBXFileReference; lastKnownFileType = sourcecode.swift; path = z_ContextMenu.swift; sourceTree = "<group>"; };
		540381D125578C6000CF52E3 /* z_Stepper.swift */ = {isa = PBXFileReference; lastKnownFileType = sourcecode.swift; path = z_Stepper.swift; sourceTree = "<group>"; };
		540381DC2557C8E700CF52E3 /* z_ForEach.swift */ = {isa = PBXFileReference; lastKnownFileType = sourcecode.swift; path = z_ForEach.swift; sourceTree = "<group>"; };
		54125F39254729F8004124D3 /* y_View18000.swift */ = {isa = PBXFileReference; lastKnownFileType = sourcecode.swift; path = y_View18000.swift; sourceTree = "<group>"; };
		54125F3E254729FA004124D3 /* y_View19000.swift */ = {isa = PBXFileReference; lastKnownFileType = sourcecode.swift; path = y_View19000.swift; sourceTree = "<group>"; };
		54125F41254729FD004124D3 /* y_View.swift */ = {isa = PBXFileReference; lastKnownFileType = sourcecode.swift; path = y_View.swift; sourceTree = "<group>"; };
		542B620E254DB75C004859D1 /* y_ViewModifier22342.swift */ = {isa = PBXFileReference; lastKnownFileType = sourcecode.swift; path = y_ViewModifier22342.swift; sourceTree = "<group>"; };
		545F851925472BAE00689264 /* y_View20000.swift */ = {isa = PBXFileReference; lastKnownFileType = sourcecode.swift; path = y_View20000.swift; sourceTree = "<group>"; };
		545F852025472BB500689264 /* y_View21000.swift */ = {isa = PBXFileReference; lastKnownFileType = sourcecode.swift; path = y_View21000.swift; sourceTree = "<group>"; };
		545F853D254734CD00689264 /* y_View17179.swift */ = {isa = PBXFileReference; lastKnownFileType = sourcecode.swift; path = y_View17179.swift; sourceTree = "<group>"; };
		5467B489256564AD00822BB6 /* z_AngularGradient.swift */ = {isa = PBXFileReference; lastKnownFileType = sourcecode.swift; path = z_AngularGradient.swift; sourceTree = "<group>"; };
		5467B4922565655000822BB6 /* z_RadialGradient.swift */ = {isa = PBXFileReference; lastKnownFileType = sourcecode.swift; path = z_RadialGradient.swift; sourceTree = "<group>"; };
		5467B4972565655100822BB6 /* z_LinearGradient.swift */ = {isa = PBXFileReference; lastKnownFileType = sourcecode.swift; path = z_LinearGradient.swift; sourceTree = "<group>"; };
		5467B49C2565655300822BB6 /* z_ImagePaint.swift */ = {isa = PBXFileReference; lastKnownFileType = sourcecode.swift; path = z_ImagePaint.swift; sourceTree = "<group>"; };
		5467B49D2565655400822BB6 /* z_BackgroundStyle.swift */ = {isa = PBXFileReference; lastKnownFileType = sourcecode.swift; path = z_BackgroundStyle.swift; sourceTree = "<group>"; };
		5467B4A22565655600822BB6 /* z_ForegroundStyle.swift */ = {isa = PBXFileReference; lastKnownFileType = sourcecode.swift; path = z_ForegroundStyle.swift; sourceTree = "<group>"; };
		5467B4AD2565659800822BB6 /* z_SeparatorShapeStyle.swift */ = {isa = PBXFileReference; lastKnownFileType = sourcecode.swift; path = z_SeparatorShapeStyle.swift; sourceTree = "<group>"; };
		5467B4B22565659900822BB6 /* z_SelectionShapeStyle.swift */ = {isa = PBXFileReference; lastKnownFileType = sourcecode.swift; path = z_SelectionShapeStyle.swift; sourceTree = "<group>"; };
		5467B4BF2565668300822BB6 /* z_Gradient.swift */ = {isa = PBXFileReference; lastKnownFileType = sourcecode.swift; path = z_Gradient.swift; sourceTree = "<group>"; };
		5467B4C62565673600822BB6 /* z_Angle.swift */ = {isa = PBXFileReference; lastKnownFileType = sourcecode.swift; path = z_Angle.swift; sourceTree = "<group>"; };
		5467B4CD2565674000822BB6 /* z_Binding.swift */ = {isa = PBXFileReference; lastKnownFileType = sourcecode.swift; path = z_Binding.swift; sourceTree = "<group>"; };
		5467B4D425659C1500822BB6 /* z_Edge.swift */ = {isa = PBXFileReference; lastKnownFileType = sourcecode.swift; path = z_Edge.swift; sourceTree = "<group>"; };
		5467B4D525659C2E00822BB6 /* z_UnitPoint.swift */ = {isa = PBXFileReference; lastKnownFileType = sourcecode.swift; path = z_UnitPoint.swift; sourceTree = "<group>"; };
		5467B4DC25659C3700822BB6 /* z_LocalizedStringKey.swift */ = {isa = PBXFileReference; lastKnownFileType = sourcecode.swift; path = z_LocalizedStringKey.swift; sourceTree = "<group>"; };
		5467B4DF25659C3B00822BB6 /* z_PinnedScrollableViews.swift */ = {isa = PBXFileReference; lastKnownFileType = sourcecode.swift; path = z_PinnedScrollableViews.swift; sourceTree = "<group>"; };
		54738F0E2551AEE400D23741 /* z__OffsetEffect.swift */ = {isa = PBXFileReference; lastKnownFileType = sourcecode.swift; path = z__OffsetEffect.swift; sourceTree = "<group>"; };
		54738F212551B61400D23741 /* z_Circle.swift */ = {isa = PBXFileReference; lastKnownFileType = sourcecode.swift; path = z_Circle.swift; sourceTree = "<group>"; };
		54738F262551B6A700D23741 /* z_AnyViewModifier.swift */ = {isa = PBXFileReference; lastKnownFileType = sourcecode.swift; path = z_AnyViewModifier.swift; sourceTree = "<group>"; };
		54738F272551B70000D23741 /* z__TabViewStyleModifier.swift */ = {isa = PBXFileReference; lastKnownFileType = sourcecode.swift; path = z__TabViewStyleModifier.swift; sourceTree = "<group>"; };
		547724DA2564212500C5444F /* y_InsettableShape8045.swift */ = {isa = PBXFileReference; lastKnownFileType = sourcecode.swift; path = y_InsettableShape8045.swift; sourceTree = "<group>"; };
		547724E3256423AA00C5444F /* y_Shape13178.swift */ = {isa = PBXFileReference; lastKnownFileType = sourcecode.swift; path = y_Shape13178.swift; sourceTree = "<group>"; };
		547E97F5253491D700E48BD2 /* UI_TestsApp.swift */ = {isa = PBXFileReference; lastKnownFileType = sourcecode.swift; path = UI_TestsApp.swift; sourceTree = "<group>"; };
		547E97F6253491D700E48BD2 /* TestView.swift */ = {isa = PBXFileReference; lastKnownFileType = sourcecode.swift; path = TestView.swift; sourceTree = "<group>"; };
		547E97F7253491D800E48BD2 /* Assets.xcassets */ = {isa = PBXFileReference; lastKnownFileType = folder.assetcatalog; path = Assets.xcassets; sourceTree = "<group>"; };
		547E97FC253491D800E48BD2 /* UI Tests.app */ = {isa = PBXFileReference; explicitFileType = wrapper.application; includeInIndex = 0; path = "UI Tests.app"; sourceTree = BUILT_PRODUCTS_DIR; };
		547E97FF253491D800E48BD2 /* Info.plist */ = {isa = PBXFileReference; lastKnownFileType = text.plist.xml; path = Info.plist; sourceTree = "<group>"; };
		547E9804253491D800E48BD2 /* UI Tests.app */ = {isa = PBXFileReference; explicitFileType = wrapper.application; includeInIndex = 0; path = "UI Tests.app"; sourceTree = BUILT_PRODUCTS_DIR; };
		547E9806253491D800E48BD2 /* Info.plist */ = {isa = PBXFileReference; lastKnownFileType = text.plist.xml; path = Info.plist; sourceTree = "<group>"; };
		547E9807253491D800E48BD2 /* macOS.entitlements */ = {isa = PBXFileReference; lastKnownFileType = text.plist.entitlements; path = macOS.entitlements; sourceTree = "<group>"; };
		547E9818253491EB00E48BD2 /* README.md */ = {isa = PBXFileReference; lastKnownFileType = net.daringfireball.markdown; path = README.md; sourceTree = "<group>"; };
		5493C1C42544FF7A00AD94F5 /* z_Animation.swift */ = {isa = PBXFileReference; fileEncoding = 4; lastKnownFileType = sourcecode.swift; path = z_Animation.swift; sourceTree = "<group>"; };
		5493C1C52544FF7A00AD94F5 /* z_Accessibility.swift */ = {isa = PBXFileReference; fileEncoding = 4; lastKnownFileType = sourcecode.swift; path = z_Accessibility.swift; sourceTree = "<group>"; };
		5493C1C72544FF7A00AD94F5 /* y_DynaType.swift */ = {isa = PBXFileReference; fileEncoding = 4; lastKnownFileType = sourcecode.swift; path = y_DynaType.swift; sourceTree = "<group>"; };
		5493C1C82544FF7A00AD94F5 /* z_Json.swift */ = {isa = PBXFileReference; fileEncoding = 4; lastKnownFileType = sourcecode.swift; path = z_Json.swift; sourceTree = "<group>"; };
		5493C1C92544FF7A00AD94F5 /* z_Color.swift */ = {isa = PBXFileReference; fileEncoding = 4; lastKnownFileType = sourcecode.swift; path = z_Color.swift; sourceTree = "<group>"; };
		5493C1CA2544FF7A00AD94F5 /* z_Font.swift */ = {isa = PBXFileReference; fileEncoding = 4; lastKnownFileType = sourcecode.swift; path = z_Font.swift; sourceTree = "<group>"; };
		5493C1CC2544FF7A00AD94F5 /* z__PaddingLayout.swift */ = {isa = PBXFileReference; fileEncoding = 4; lastKnownFileType = sourcecode.swift; path = z__PaddingLayout.swift; sourceTree = "<group>"; };
		5493C1CE2544FF7A00AD94F5 /* z_EmptyView.swift */ = {isa = PBXFileReference; fileEncoding = 4; lastKnownFileType = sourcecode.swift; path = z_EmptyView.swift; sourceTree = "<group>"; };
		5493C1CF2544FF7A00AD94F5 /* z_Divider.swift */ = {isa = PBXFileReference; fileEncoding = 4; lastKnownFileType = sourcecode.swift; path = z_Divider.swift; sourceTree = "<group>"; };
		5493C1D02544FF7A00AD94F5 /* z_Image.swift */ = {isa = PBXFileReference; fileEncoding = 4; lastKnownFileType = sourcecode.swift; path = z_Image.swift; sourceTree = "<group>"; };
		5493C1D12544FF7A00AD94F5 /* z_VStack.swift */ = {isa = PBXFileReference; fileEncoding = 4; lastKnownFileType = sourcecode.swift; path = z_VStack.swift; sourceTree = "<group>"; };
		5493C1D22544FF7A00AD94F5 /* z_HStack.swift */ = {isa = PBXFileReference; fileEncoding = 4; lastKnownFileType = sourcecode.swift; path = z_HStack.swift; sourceTree = "<group>"; };
		5493C1D32544FF7A00AD94F5 /* z_ZStack.swift */ = {isa = PBXFileReference; fileEncoding = 4; lastKnownFileType = sourcecode.swift; path = z_ZStack.swift; sourceTree = "<group>"; };
		5493C1D52544FF7A00AD94F5 /* z__ConditionalContent.swift */ = {isa = PBXFileReference; fileEncoding = 4; lastKnownFileType = sourcecode.swift; path = z__ConditionalContent.swift; sourceTree = "<group>"; };
		5493C1D62544FF7A00AD94F5 /* z_TupleView.swift */ = {isa = PBXFileReference; fileEncoding = 4; lastKnownFileType = sourcecode.swift; path = z_TupleView.swift; sourceTree = "<group>"; };
		5493C1D72544FF7A00AD94F5 /* z_AnyView.swift */ = {isa = PBXFileReference; fileEncoding = 4; lastKnownFileType = sourcecode.swift; path = z_AnyView.swift; sourceTree = "<group>"; };
		5493C1D82544FF7A00AD94F5 /* z_LazyVStack.swift */ = {isa = PBXFileReference; fileEncoding = 4; lastKnownFileType = sourcecode.swift; path = z_LazyVStack.swift; sourceTree = "<group>"; };
		5493C1D92544FF7A00AD94F5 /* z_Spacer.swift */ = {isa = PBXFileReference; fileEncoding = 4; lastKnownFileType = sourcecode.swift; path = z_Spacer.swift; sourceTree = "<group>"; };
		5493C1DA2544FF7A00AD94F5 /* z_LazyHStack.swift */ = {isa = PBXFileReference; fileEncoding = 4; lastKnownFileType = sourcecode.swift; path = z_LazyHStack.swift; sourceTree = "<group>"; };
		5493C1DB2544FF7A00AD94F5 /* z_Text.swift */ = {isa = PBXFileReference; fileEncoding = 4; lastKnownFileType = sourcecode.swift; path = z_Text.swift; sourceTree = "<group>"; };
		54B9DF002557703700A0E5ED /* z_DatePicker.swift */ = {isa = PBXFileReference; lastKnownFileType = sourcecode.swift; path = z_DatePicker.swift; sourceTree = "<group>"; };
		54B9DF012557703A00A0E5ED /* z_Toggle.swift */ = {isa = PBXFileReference; lastKnownFileType = sourcecode.swift; path = z_Toggle.swift; sourceTree = "<group>"; };
		54B9DF022557703C00A0E5ED /* z_Button.swift */ = {isa = PBXFileReference; lastKnownFileType = sourcecode.swift; path = z_Button.swift; sourceTree = "<group>"; };
		54D82F26256211280033169D /* z_RoundedRectangle.swift */ = {isa = PBXFileReference; lastKnownFileType = sourcecode.swift; path = z_RoundedRectangle.swift; sourceTree = "<group>"; };
		54D82F2B256211600033169D /* z_ScaledShape.swift */ = {isa = PBXFileReference; lastKnownFileType = sourcecode.swift; path = z_ScaledShape.swift; sourceTree = "<group>"; };
		54D82F30256211610033169D /* z_RotatedShape.swift */ = {isa = PBXFileReference; lastKnownFileType = sourcecode.swift; path = z_RotatedShape.swift; sourceTree = "<group>"; };
		54D82F35256211620033169D /* z_Rectangle.swift */ = {isa = PBXFileReference; lastKnownFileType = sourcecode.swift; path = z_Rectangle.swift; sourceTree = "<group>"; };
		54D82F38256211640033169D /* z_Path.swift */ = {isa = PBXFileReference; lastKnownFileType = sourcecode.swift; path = z_Path.swift; sourceTree = "<group>"; };
		54D82F3D256211650033169D /* z_OffsetShape.swift */ = {isa = PBXFileReference; lastKnownFileType = sourcecode.swift; path = z_OffsetShape.swift; sourceTree = "<group>"; };
		54D82F42256211660033169D /* z_Ellipse.swift */ = {isa = PBXFileReference; lastKnownFileType = sourcecode.swift; path = z_Ellipse.swift; sourceTree = "<group>"; };
		54D82F45256211680033169D /* z_ContainerRelativeShape.swift */ = {isa = PBXFileReference; lastKnownFileType = sourcecode.swift; path = z_ContainerRelativeShape.swift; sourceTree = "<group>"; };
		54D82F48256211690033169D /* z_Capsule.swift */ = {isa = PBXFileReference; lastKnownFileType = sourcecode.swift; path = z_Capsule.swift; sourceTree = "<group>"; };
		54D82F59256212280033169D /* z_TransformedShape.swift */ = {isa = PBXFileReference; lastKnownFileType = sourcecode.swift; path = z_TransformedShape.swift; sourceTree = "<group>"; };
		54D8E0E8256AE1D100050BC1 /* z_GeometryReader.swift */ = {isa = PBXFileReference; lastKnownFileType = sourcecode.swift; path = z_GeometryReader.swift; sourceTree = "<group>"; };
		54D8E0F5256B013200050BC1 /* z_EquatableView.swift */ = {isa = PBXFileReference; lastKnownFileType = sourcecode.swift; path = z_EquatableView.swift; sourceTree = "<group>"; };
		54D8E0FE256B018900050BC1 /* z_Form.swift */ = {isa = PBXFileReference; lastKnownFileType = sourcecode.swift; path = z_Form.swift; sourceTree = "<group>"; };
		54D8E107256B033800050BC1 /* z_Section.swift */ = {isa = PBXFileReference; lastKnownFileType = sourcecode.swift; path = z_Section.swift; sourceTree = "<group>"; };
		54D8E10C256B033A00050BC1 /* z_SecureField.swift */ = {isa = PBXFileReference; lastKnownFileType = sourcecode.swift; path = z_SecureField.swift; sourceTree = "<group>"; };
		54D8E117256B045E00050BC1 /* z_ScrollView.swift */ = {isa = PBXFileReference; lastKnownFileType = sourcecode.swift; path = z_ScrollView.swift; sourceTree = "<group>"; };
		54D8E11E256B082900050BC1 /* z_Axis.swift */ = {isa = PBXFileReference; lastKnownFileType = sourcecode.swift; path = z_Axis.swift; sourceTree = "<group>"; };
		54D8E121256B323D00050BC1 /* z_HSplitView.swift */ = {isa = PBXFileReference; lastKnownFileType = sourcecode.swift; path = z_HSplitView.swift; sourceTree = "<group>"; };
		54D8E122256B323F00050BC1 /* z_GroupBox.swift */ = {isa = PBXFileReference; lastKnownFileType = sourcecode.swift; path = z_GroupBox.swift; sourceTree = "<group>"; };
		54D8E127256B324000050BC1 /* z_Group.swift */ = {isa = PBXFileReference; lastKnownFileType = sourcecode.swift; path = z_Group.swift; sourceTree = "<group>"; };
		54D8E130256B33AD00050BC1 /* z_VSplitView.swift */ = {isa = PBXFileReference; lastKnownFileType = sourcecode.swift; path = z_VSplitView.swift; sourceTree = "<group>"; };
		54D8E135256B33CF00050BC1 /* z_TouchBar.swift */ = {isa = PBXFileReference; lastKnownFileType = sourcecode.swift; path = z_TouchBar.swift; sourceTree = "<group>"; };
		54D8E136256B33D100050BC1 /* z_TextField.swift */ = {isa = PBXFileReference; lastKnownFileType = sourcecode.swift; path = z_TextField.swift; sourceTree = "<group>"; };
		54D8E137256B33D200050BC1 /* z_TabView.swift */ = {isa = PBXFileReference; lastKnownFileType = sourcecode.swift; path = z_TabView.swift; sourceTree = "<group>"; };
		54D8E138256B33D300050BC1 /* z_SubscriptionView.swift */ = {isa = PBXFileReference; lastKnownFileType = sourcecode.swift; path = z_SubscriptionView.swift; sourceTree = "<group>"; };
		54D8E13D256B33D400050BC1 /* z_PasteButton.swift */ = {isa = PBXFileReference; lastKnownFileType = sourcecode.swift; path = z_PasteButton.swift; sourceTree = "<group>"; };
		54D8E13E256B33D500050BC1 /* z_NavigationView.swift */ = {isa = PBXFileReference; lastKnownFileType = sourcecode.swift; path = z_NavigationView.swift; sourceTree = "<group>"; };
		54D8E141256B33D600050BC1 /* z_NavigationLink.swift */ = {isa = PBXFileReference; lastKnownFileType = sourcecode.swift; path = z_NavigationLink.swift; sourceTree = "<group>"; };
		54D8E14C256B344C00050BC1 /* z_MenuButton.swift */ = {isa = PBXFileReference; lastKnownFileType = sourcecode.swift; path = z_MenuButton.swift; sourceTree = "<group>"; };
		54D8E152256B345800050BC1 /* z_List.swift */ = {isa = PBXFileReference; lastKnownFileType = sourcecode.swift; path = z_List.swift; sourceTree = "<group>"; };
/* End PBXFileReference section */

/* Begin PBXFrameworksBuildPhase section */
		547E97F9253491D800E48BD2 /* Frameworks */ = {
			isa = PBXFrameworksBuildPhase;
			buildActionMask = 2147483647;
			files = (
				547E98302534922500E48BD2 /* SwiftUIJson in Frameworks */,
			);
			runOnlyForDeploymentPostprocessing = 0;
		};
		547E9801253491D800E48BD2 /* Frameworks */ = {
			isa = PBXFrameworksBuildPhase;
			buildActionMask = 2147483647;
			files = (
				547E98322534922B00E48BD2 /* SwiftUIJson in Frameworks */,
			);
			runOnlyForDeploymentPostprocessing = 0;
		};
/* End PBXFrameworksBuildPhase section */

/* Begin PBXGroup section */
		5467B488256564A200822BB6 /* ShapeStypes */ = {
			isa = PBXGroup;
			children = (
				5467B489256564AD00822BB6 /* z_AngularGradient.swift */,
				5467B49D2565655400822BB6 /* z_BackgroundStyle.swift */,
				5467B4A22565655600822BB6 /* z_ForegroundStyle.swift */,
				5467B49C2565655300822BB6 /* z_ImagePaint.swift */,
				5467B4972565655100822BB6 /* z_LinearGradient.swift */,
				5467B4922565655000822BB6 /* z_RadialGradient.swift */,
				5467B4B22565659900822BB6 /* z_SelectionShapeStyle.swift */,
				5467B4AD2565659800822BB6 /* z_SeparatorShapeStyle.swift */,
			);
			path = ShapeStypes;
			sourceTree = "<group>";
		};
		54738F192551B4C000D23741 /* Z - JsonUI */ = {
			isa = PBXGroup;
			children = (
				5493C1C82544FF7A00AD94F5 /* z_Json.swift */,
			);
			path = "Z - JsonUI";
			sourceTree = "<group>";
		};
		54738F202551B60A00D23741 /* Shapes */ = {
			isa = PBXGroup;
			children = (
				547724DA2564212500C5444F /* y_InsettableShape8045.swift */,
				547724E3256423AA00C5444F /* y_Shape13178.swift */,
				54D82F48256211690033169D /* z_Capsule.swift */,
				54738F212551B61400D23741 /* z_Circle.swift */,
				54D82F45256211680033169D /* z_ContainerRelativeShape.swift */,
				54D82F42256211660033169D /* z_Ellipse.swift */,
				54D82F3D256211650033169D /* z_OffsetShape.swift */,
				54D82F38256211640033169D /* z_Path.swift */,
				54D82F35256211620033169D /* z_Rectangle.swift */,
				54D82F30256211610033169D /* z_RotatedShape.swift */,
				54D82F26256211280033169D /* z_RoundedRectangle.swift */,
				54D82F2B256211600033169D /* z_ScaledShape.swift */,
				54D82F59256212280033169D /* z_TransformedShape.swift */,
			);
			path = Shapes;
			sourceTree = "<group>";
		};
		54738F242551B68F00D23741 /* Style */ = {
			isa = PBXGroup;
			children = (
				54738F272551B70000D23741 /* z__TabViewStyleModifier.swift */,
			);
			path = Style;
			sourceTree = "<group>";
		};
		54738F252551B69500D23741 /* System */ = {
			isa = PBXGroup;
			children = (
				54738F262551B6A700D23741 /* z_AnyViewModifier.swift */,
			);
			path = System;
			sourceTree = "<group>";
		};
		547E97EF253491D700E48BD2 = {
			isa = PBXGroup;
			children = (
				547E9818253491EB00E48BD2 /* README.md */,
				547E97F4253491D700E48BD2 /* Shared */,
				547E97FE253491D800E48BD2 /* iOS */,
				547E9805253491D800E48BD2 /* macOS */,
				547E97FD253491D800E48BD2 /* Products */,
				547E982E2534922500E48BD2 /* Frameworks */,
			);
			sourceTree = "<group>";
		};
		547E97F4253491D700E48BD2 /* Shared */ = {
			isa = PBXGroup;
			children = (
				5493C1C22544FF7A00AD94F5 /* 9 - View Tests */,
				547E97F5253491D700E48BD2 /* UI_TestsApp.swift */,
				547E97F6253491D700E48BD2 /* TestView.swift */,
				547E97F7253491D800E48BD2 /* Assets.xcassets */,
			);
			path = Shared;
			sourceTree = "<group>";
		};
		547E97FD253491D800E48BD2 /* Products */ = {
			isa = PBXGroup;
			children = (
				547E97FC253491D800E48BD2 /* UI Tests.app */,
				547E9804253491D800E48BD2 /* UI Tests.app */,
			);
			name = Products;
			sourceTree = "<group>";
		};
		547E97FE253491D800E48BD2 /* iOS */ = {
			isa = PBXGroup;
			children = (
				547E97FF253491D800E48BD2 /* Info.plist */,
			);
			path = iOS;
			sourceTree = "<group>";
		};
		547E9805253491D800E48BD2 /* macOS */ = {
			isa = PBXGroup;
			children = (
				547E9806253491D800E48BD2 /* Info.plist */,
				547E9807253491D800E48BD2 /* macOS.entitlements */,
			);
			path = macOS;
			sourceTree = "<group>";
		};
		547E982E2534922500E48BD2 /* Frameworks */ = {
			isa = PBXGroup;
			children = (
			);
			name = Frameworks;
			sourceTree = "<group>";
		};
		5493C1C22544FF7A00AD94F5 /* 9 - View Tests */ = {
			isa = PBXGroup;
			children = (
				54738F192551B4C000D23741 /* Z - JsonUI */,
				5493C1CB2544FF7A00AD94F5 /* Z - Modifiers */,
				5493C1C62544FF7A00AD94F5 /* Z - SwiftUI */,
				5493C1CD2544FF7A00AD94F5 /* Z - Views */,
				5493C1C32544FF7A00AD94F5 /* Z - ViewsToDo */,
			);
			name = "9 - View Tests";
			path = "../../UI Tests 10.15/UI Tests 10.15/9 - View Tests";
			sourceTree = "<group>";
		};
		5493C1C32544FF7A00AD94F5 /* Z - ViewsToDo */ = {
			isa = PBXGroup;
			children = (
				5493C1C52544FF7A00AD94F5 /* z_Accessibility.swift */,
				5493C1C42544FF7A00AD94F5 /* z_Animation.swift */,
			);
			path = "Z - ViewsToDo";
			sourceTree = "<group>";
		};
		5493C1C62544FF7A00AD94F5 /* Z - SwiftUI */ = {
			isa = PBXGroup;
			children = (
				5467B488256564A200822BB6 /* ShapeStypes */,
				5493C1C72544FF7A00AD94F5 /* y_DynaType.swift */,
				5467B4C62565673600822BB6 /* z_Angle.swift */,
				54D8E11E256B082900050BC1 /* z_Axis.swift */,
				5467B4CD2565674000822BB6 /* z_Binding.swift */,
				5493C1C92544FF7A00AD94F5 /* z_Color.swift */,
				5467B4D425659C1500822BB6 /* z_Edge.swift */,
				5493C1CA2544FF7A00AD94F5 /* z_Font.swift */,
				5467B4BF2565668300822BB6 /* z_Gradient.swift */,
				5467B4DC25659C3700822BB6 /* z_LocalizedStringKey.swift */,
				5467B4DF25659C3B00822BB6 /* z_PinnedScrollableViews.swift */,
				5467B4D525659C2E00822BB6 /* z_UnitPoint.swift */,
			);
			path = "Z - SwiftUI";
			sourceTree = "<group>";
		};
		5493C1CB2544FF7A00AD94F5 /* Z - Modifiers */ = {
			isa = PBXGroup;
			children = (
				54738F242551B68F00D23741 /* Style */,
				54738F252551B69500D23741 /* System */,
				542B620E254DB75C004859D1 /* y_ViewModifier22342.swift */,
				54738F0E2551AEE400D23741 /* z__OffsetEffect.swift */,
				5493C1CC2544FF7A00AD94F5 /* z__PaddingLayout.swift */,
			);
			path = "Z - Modifiers";
			sourceTree = "<group>";
		};
		5493C1CD2544FF7A00AD94F5 /* Z - Views */ = {
			isa = PBXGroup;
			children = (
				54738F202551B60A00D23741 /* Shapes */,
				5493C1D42544FF7A00AD94F5 /* System */,
				54125F41254729FD004124D3 /* y_View.swift */,
				545F853D254734CD00689264 /* y_View17179.swift */,
				54125F39254729F8004124D3 /* y_View18000.swift */,
				54125F3E254729FA004124D3 /* y_View19000.swift */,
				545F851925472BAE00689264 /* y_View20000.swift */,
				545F852025472BB500689264 /* y_View21000.swift */,
				54B9DF022557703C00A0E5ED /* z_Button.swift */,
				540381C825578BDC00CF52E3 /* z_ContextMenu.swift */,
				54B9DF002557703700A0E5ED /* z_DatePicker.swift */,
				5493C1CF2544FF7A00AD94F5 /* z_Divider.swift */,
				540381C125578BD400CF52E3 /* z_EditButton.swift */,
				5493C1CE2544FF7A00AD94F5 /* z_EmptyView.swift */,
				54D8E0F5256B013200050BC1 /* z_EquatableView.swift */,
				540381DC2557C8E700CF52E3 /* z_ForEach.swift */,
				54D8E0FE256B018900050BC1 /* z_Form.swift */,
				54D8E0E8256AE1D100050BC1 /* z_GeometryReader.swift */,
				54D8E127256B324000050BC1 /* z_Group.swift */,
				54D8E122256B323F00050BC1 /* z_GroupBox.swift */,
				54D8E121256B323D00050BC1 /* z_HSplitView.swift */,
				5493C1D22544FF7A00AD94F5 /* z_HStack.swift */,
				5493C1D02544FF7A00AD94F5 /* z_Image.swift */,
				5493C1DA2544FF7A00AD94F5 /* z_LazyHStack.swift */,
				5493C1D82544FF7A00AD94F5 /* z_LazyVStack.swift */,
				54D8E152256B345800050BC1 /* z_List.swift */,
				54D8E14C256B344C00050BC1 /* z_MenuButton.swift */,
				54D8E141256B33D600050BC1 /* z_NavigationLink.swift */,
				54D8E13E256B33D500050BC1 /* z_NavigationView.swift */,
				54D8E13D256B33D400050BC1 /* z_PasteButton.swift */,
				540381C725578BDA00CF52E3 /* z_Picker.swift */,
				54D8E117256B045E00050BC1 /* z_ScrollView.swift */,
				54D8E107256B033800050BC1 /* z_Section.swift */,
				54D8E10C256B033A00050BC1 /* z_SecureField.swift */,
				540381C625578BD900CF52E3 /* z_Slider.swift */,
				5493C1D92544FF7A00AD94F5 /* z_Spacer.swift */,
				540381D125578C6000CF52E3 /* z_Stepper.swift */,
				54D8E138256B33D300050BC1 /* z_SubscriptionView.swift */,
				54D8E137256B33D200050BC1 /* z_TabView.swift */,
				5493C1DB2544FF7A00AD94F5 /* z_Text.swift */,
				54D8E136256B33D100050BC1 /* z_TextField.swift */,
				54B9DF012557703A00A0E5ED /* z_Toggle.swift */,
				54D8E135256B33CF00050BC1 /* z_TouchBar.swift */,
				54D8E130256B33AD00050BC1 /* z_VSplitView.swift */,
				5493C1D12544FF7A00AD94F5 /* z_VStack.swift */,
				5493C1D32544FF7A00AD94F5 /* z_ZStack.swift */,
			);
			path = "Z - Views";
			sourceTree = "<group>";
		};
		5493C1D42544FF7A00AD94F5 /* System */ = {
			isa = PBXGroup;
			children = (
				5493C1D52544FF7A00AD94F5 /* z__ConditionalContent.swift */,
				5493C1D72544FF7A00AD94F5 /* z_AnyView.swift */,
				5493C1D62544FF7A00AD94F5 /* z_TupleView.swift */,
			);
			path = System;
			sourceTree = "<group>";
		};
/* End PBXGroup section */

/* Begin PBXNativeTarget section */
		547E97FB253491D800E48BD2 /* UI Tests (iOS) */ = {
			isa = PBXNativeTarget;
			buildConfigurationList = 547E9810253491D800E48BD2 /* Build configuration list for PBXNativeTarget "UI Tests (iOS)" */;
			buildPhases = (
				547E97F8253491D800E48BD2 /* Sources */,
				547E97F9253491D800E48BD2 /* Frameworks */,
				547E97FA253491D800E48BD2 /* Resources */,
			);
			buildRules = (
			);
			dependencies = (
			);
			name = "UI Tests (iOS)";
			packageProductDependencies = (
				547E982F2534922500E48BD2 /* SwiftUIJson */,
			);
			productName = "UI Tests (iOS)";
			productReference = 547E97FC253491D800E48BD2 /* UI Tests.app */;
			productType = "com.apple.product-type.application";
		};
		547E9803253491D800E48BD2 /* UI Tests (macOS) */ = {
			isa = PBXNativeTarget;
			buildConfigurationList = 547E9813253491D800E48BD2 /* Build configuration list for PBXNativeTarget "UI Tests (macOS)" */;
			buildPhases = (
				547E9800253491D800E48BD2 /* Sources */,
				547E9801253491D800E48BD2 /* Frameworks */,
				547E9802253491D800E48BD2 /* Resources */,
			);
			buildRules = (
			);
			dependencies = (
			);
			name = "UI Tests (macOS)";
			packageProductDependencies = (
				547E98312534922B00E48BD2 /* SwiftUIJson */,
			);
			productName = "UI Tests (macOS)";
			productReference = 547E9804253491D800E48BD2 /* UI Tests.app */;
			productType = "com.apple.product-type.application";
		};
/* End PBXNativeTarget section */

/* Begin PBXProject section */
		547E97F0253491D700E48BD2 /* Project object */ = {
			isa = PBXProject;
			attributes = {
				LastSwiftUpdateCheck = 1220;
				LastUpgradeCheck = 1220;
				TargetAttributes = {
					547E97FB253491D800E48BD2 = {
						CreatedOnToolsVersion = 12.2;
					};
					547E9803253491D800E48BD2 = {
						CreatedOnToolsVersion = 12.2;
					};
				};
			};
			buildConfigurationList = 547E97F3253491D700E48BD2 /* Build configuration list for PBXProject "UI Tests" */;
			compatibilityVersion = "Xcode 9.3";
			developmentRegion = en;
			hasScannedForEncodings = 0;
			knownRegions = (
				en,
				Base,
			);
			mainGroup = 547E97EF253491D700E48BD2;
			productRefGroup = 547E97FD253491D800E48BD2 /* Products */;
			projectDirPath = "";
			projectRoot = "";
			targets = (
				547E97FB253491D800E48BD2 /* UI Tests (iOS) */,
				547E9803253491D800E48BD2 /* UI Tests (macOS) */,
			);
		};
/* End PBXProject section */

/* Begin PBXResourcesBuildPhase section */
		547E97FA253491D800E48BD2 /* Resources */ = {
			isa = PBXResourcesBuildPhase;
			buildActionMask = 2147483647;
			files = (
				547E980C253491D800E48BD2 /* Assets.xcassets in Resources */,
			);
			runOnlyForDeploymentPostprocessing = 0;
		};
		547E9802253491D800E48BD2 /* Resources */ = {
			isa = PBXResourcesBuildPhase;
			buildActionMask = 2147483647;
			files = (
				547E980D253491D800E48BD2 /* Assets.xcassets in Resources */,
			);
			runOnlyForDeploymentPostprocessing = 0;
		};
/* End PBXResourcesBuildPhase section */

/* Begin PBXSourcesBuildPhase section */
		547E97F8253491D800E48BD2 /* Sources */ = {
			isa = PBXSourcesBuildPhase;
			buildActionMask = 2147483647;
			files = (
				54D8E191256B34DB00050BC1 /* z_Spacer.swift in Sources */,
				54D82F2C256211600033169D /* z_ScaledShape.swift in Sources */,
				547E980A253491D800E48BD2 /* TestView.swift in Sources */,
				542B6210254DB75C004859D1 /* y_ViewModifier22342.swift in Sources */,
				5493C1F62544FF7A00AD94F5 /* z__ConditionalContent.swift in Sources */,
				5493C1E82544FF7A00AD94F5 /* z__PaddingLayout.swift in Sources */,
				54D8E18D256B34DB00050BC1 /* z_NavigationView.swift in Sources */,
				54D8E17B256B34DB00050BC1 /* z_Slider.swift in Sources */,
				54D8E170256B34DB00050BC1 /* z_Group.swift in Sources */,
				547724E4256423D000C5444F /* y_Shape13178.swift in Sources */,
				5467B4C72565673600822BB6 /* z_Angle.swift in Sources */,
				5467B4E025659C3B00822BB6 /* z_PinnedScrollableViews.swift in Sources */,
				54D82F23256211210033169D /* z_Circle.swift in Sources */,
				54D8E171256B34DB00050BC1 /* z_Divider.swift in Sources */,
				54D8E16E256B34DB00050BC1 /* z_Button.swift in Sources */,
				54D8E187256B34DB00050BC1 /* y_View20000.swift in Sources */,
				54D82F5A256212280033169D /* z_TransformedShape.swift in Sources */,
				54D82F31256211610033169D /* z_RotatedShape.swift in Sources */,
				5493C1E02544FF7A00AD94F5 /* y_DynaType.swift in Sources */,
				5467B4C02565668300822BB6 /* z_Gradient.swift in Sources */,
				5467B4D725659C2E00822BB6 /* z_UnitPoint.swift in Sources */,
				54D8E176256B34DB00050BC1 /* y_View21000.swift in Sources */,
				54D8E17A256B34DB00050BC1 /* z_ScrollView.swift in Sources */,
				5467B4FD2565D00600822BB6 /* z_ImagePaint.swift in Sources */,
				5467B49E2565655400822BB6 /* z_BackgroundStyle.swift in Sources */,
				54D8E17E256B34DB00050BC1 /* y_View.swift in Sources */,
				5493C1DC2544FF7A00AD94F5 /* z_Animation.swift in Sources */,
				54D8E188256B34DB00050BC1 /* z_EditButton.swift in Sources */,
				54D8E185256B34DB00050BC1 /* z_Picker.swift in Sources */,
				54D8E192256B34DB00050BC1 /* y_View19000.swift in Sources */,
				54D8E18F256B34DB00050BC1 /* z_GroupBox.swift in Sources */,
				54D82F6D2562161C0033169D /* z_ContainerRelativeShape.swift in Sources */,
				5493C1DE2544FF7A00AD94F5 /* z_Accessibility.swift in Sources */,
				54D8E179256B34DB00050BC1 /* z_MenuButton.swift in Sources */,
				54D8E194256B34DB00050BC1 /* z_ZStack.swift in Sources */,
				5467B4CE2565674000822BB6 /* z_Binding.swift in Sources */,
				54D8E16F256B34DB00050BC1 /* z_ContextMenu.swift in Sources */,
				54D82F67256216190033169D /* z_Ellipse.swift in Sources */,
				54D8E18A256B34DB00050BC1 /* z_VSplitView.swift in Sources */,
				54D82F28256211280033169D /* z_RoundedRectangle.swift in Sources */,
				54D8E173256B34DB00050BC1 /* z_List.swift in Sources */,
				54D8E186256B34DB00050BC1 /* z_LazyVStack.swift in Sources */,
				54D8E174256B34DB00050BC1 /* z_TouchBar.swift in Sources */,
				54D8E193256B34DB00050BC1 /* z_Stepper.swift in Sources */,
				54D8E178256B34DB00050BC1 /* z_NavigationLink.swift in Sources */,
				54D8E196256B34DB00050BC1 /* z_Section.swift in Sources */,
				54D8E183256B34DB00050BC1 /* z_HStack.swift in Sources */,
				54D8E181256B34DB00050BC1 /* z_DatePicker.swift in Sources */,
				5493C1E62544FF7A00AD94F5 /* z_Font.swift in Sources */,
				54D8E16B256B34DB00050BC1 /* z_Text.swift in Sources */,
				54D8E17F256B34DB00050BC1 /* z_VStack.swift in Sources */,
				54D8E16C256B34DB00050BC1 /* z_TextField.swift in Sources */,
				54D82F49256211690033169D /* z_Capsule.swift in Sources */,
				54D82F39256211640033169D /* z_Path.swift in Sources */,
				54D8E18E256B34DB00050BC1 /* z_PasteButton.swift in Sources */,
				54D8E177256B34DB00050BC1 /* z_LazyHStack.swift in Sources */,
				54D8E17D256B34DB00050BC1 /* z_ForEach.swift in Sources */,
				54D8E175256B34DB00050BC1 /* z_HSplitView.swift in Sources */,
				547E9808253491D800E48BD2 /* UI_TestsApp.swift in Sources */,
				54D8E180256B34DB00050BC1 /* z_Form.swift in Sources */,
				5467B4B32565659900822BB6 /* z_SelectionShapeStyle.swift in Sources */,
				5467B4F42565CFC900822BB6 /* z_ForegroundStyle.swift in Sources */,
				5493C1E22544FF7A00AD94F5 /* z_Json.swift in Sources */,
				54D82F3F256211650033169D /* z_OffsetShape.swift in Sources */,
				5467B4932565655000822BB6 /* z_RadialGradient.swift in Sources */,
				54D8E195256B34DB00050BC1 /* z_Toggle.swift in Sources */,
				5493C1F82544FF7A00AD94F5 /* z_TupleView.swift in Sources */,
				54D8E184256B34DB00050BC1 /* y_View17179.swift in Sources */,
				54D8E172256B34DB00050BC1 /* z_Image.swift in Sources */,
				5467B4AE2565659800822BB6 /* z_SeparatorShapeStyle.swift in Sources */,
				54D8E18C256B34DB00050BC1 /* y_View18000.swift in Sources */,
				54D8E182256B34DB00050BC1 /* z_TabView.swift in Sources */,
				547724DE2564218200C5444F /* y_InsettableShape8045.swift in Sources */,
				5467B4EE2565C1C600822BB6 /* z_Edge.swift in Sources */,
				5493C1E42544FF7A00AD94F5 /* z_Color.swift in Sources */,
				5467B48C256564F800822BB6 /* z_AngularGradient.swift in Sources */,
				54D8E18B256B34DB00050BC1 /* z_SecureField.swift in Sources */,
				54D8E189256B34DB00050BC1 /* z_GeometryReader.swift in Sources */,
				5467B4992565655100822BB6 /* z_LinearGradient.swift in Sources */,
				54D8E16D256B34DB00050BC1 /* z_EquatableView.swift in Sources */,
				54D8E190256B34DB00050BC1 /* z_SubscriptionView.swift in Sources */,
				5493C1FA2544FF7A00AD94F5 /* z_AnyView.swift in Sources */,
				54D82F73256216260033169D /* z_Rectangle.swift in Sources */,
				54D8E17C256B34DB00050BC1 /* z_EmptyView.swift in Sources */,
				54738F0F2551AEE400D23741 /* z__OffsetEffect.swift in Sources */,
			);
			runOnlyForDeploymentPostprocessing = 0;
		};
		547E9800253491D800E48BD2 /* Sources */ = {
			isa = PBXSourcesBuildPhase;
			buildActionMask = 2147483647;
			files = (
				545F854B254739AD00689264 /* y_View18000.swift in Sources */,
				54D82F2D256211600033169D /* z_ScaledShape.swift in Sources */,
				547E980B253491D800E48BD2 /* TestView.swift in Sources */,
				5493C1EF2544FF7A00AD94F5 /* z_Image.swift in Sources */,
				542B620F254DB75C004859D1 /* y_ViewModifier22342.swift in Sources */,
				5493C1F72544FF7A00AD94F5 /* z__ConditionalContent.swift in Sources */,
				542A5F8E2547A97800CB7C9F /* y_View21000.swift in Sources */,
				5493C1E92544FF7A00AD94F5 /* z__PaddingLayout.swift in Sources */,
				547724E7256423D000C5444F /* y_Shape13178.swift in Sources */,
				54D8E131256B33AD00050BC1 /* z_VSplitView.swift in Sources */,
				5492CB7F2557790600C5B326 /* z_DatePicker.swift in Sources */,
				5467B4C82565673600822BB6 /* z_Angle.swift in Sources */,
				54D8E0F7256B013200050BC1 /* z_EquatableView.swift in Sources */,
				54D8E13A256B33D300050BC1 /* z_SubscriptionView.swift in Sources */,
				5493C2032544FF7A00AD94F5 /* z_Text.swift in Sources */,
				5467B4E125659C3B00822BB6 /* z_PinnedScrollableViews.swift in Sources */,
				54D82F20256211210033169D /* z_Circle.swift in Sources */,
				54D82F5B256212280033169D /* z_TransformedShape.swift in Sources */,
				54D82F32256211610033169D /* z_RotatedShape.swift in Sources */,
				5493C1E12544FF7A00AD94F5 /* y_DynaType.swift in Sources */,
				5467B4C12565668300822BB6 /* z_Gradient.swift in Sources */,
				54D8E124256B323F00050BC1 /* z_GroupBox.swift in Sources */,
				54B9DF032557703C00A0E5ED /* z_Button.swift in Sources */,
				540381B7255787A500CF52E3 /* z_Toggle.swift in Sources */,
				5467B4D625659C2E00822BB6 /* z_UnitPoint.swift in Sources */,
				54D8E13F256B33D500050BC1 /* z_NavigationView.swift in Sources */,
				5467B4FA2565D00500822BB6 /* z_ImagePaint.swift in Sources */,
				5467B49F2565655400822BB6 /* z_BackgroundStyle.swift in Sources */,
				54D8E143256B33D600050BC1 /* z_NavigationLink.swift in Sources */,
				5493C1DD2544FF7A00AD94F5 /* z_Animation.swift in Sources */,
				54D8E197256B34DC00050BC1 /* z_TextField.swift in Sources */,
				54D8E19A256B34DC00050BC1 /* z_MenuButton.swift in Sources */,
				54D82F6A2562161C0033169D /* z_ContainerRelativeShape.swift in Sources */,
				5493C1FD2544FF7A00AD94F5 /* z_LazyVStack.swift in Sources */,
				5493C1EB2544FF7A00AD94F5 /* z_EmptyView.swift in Sources */,
				5493C1DF2544FF7A00AD94F5 /* z_Accessibility.swift in Sources */,
				5493C1F32544FF7A00AD94F5 /* z_HStack.swift in Sources */,
				54D8E198256B34DC00050BC1 /* z_TouchBar.swift in Sources */,
				5467B4CF2565674000822BB6 /* z_Binding.swift in Sources */,
				540381C325578BD400CF52E3 /* z_EditButton.swift in Sources */,
				54D82F64256216190033169D /* z_Ellipse.swift in Sources */,
				540381D425578C6800CF52E3 /* z_Slider.swift in Sources */,
				54D82F27256211280033169D /* z_RoundedRectangle.swift in Sources */,
				54D8E0E9256AE1D100050BC1 /* z_GeometryReader.swift in Sources */,
				5493C1E72544FF7A00AD94F5 /* z_Font.swift in Sources */,
				54D8E19B256B34DC00050BC1 /* z_TabView.swift in Sources */,
				54D82F4A256211690033169D /* z_Capsule.swift in Sources */,
				54D82F3A256211640033169D /* z_Path.swift in Sources */,
				542A5F85254799E500CB7C9F /* y_View19000.swift in Sources */,
				549D7C4F253B625F00E70B72 /* UI_TestsApp.swift in Sources */,
				5467B4B42565659900822BB6 /* z_SelectionShapeStyle.swift in Sources */,
				54D8E19C256B34DC00050BC1 /* z_PasteButton.swift in Sources */,
				5467B4F72565CFCA00822BB6 /* z_ForegroundStyle.swift in Sources */,
				540381D225578C6800CF52E3 /* z_Picker.swift in Sources */,
				54D8E109256B033800050BC1 /* z_Section.swift in Sources */,
				5493C1E32544FF7A00AD94F5 /* z_Json.swift in Sources */,
				5493C2012544FF7A00AD94F5 /* z_LazyHStack.swift in Sources */,
				54125F42254729FD004124D3 /* y_View.swift in Sources */,
				54D8E11B256B049900050BC1 /* z_ScrollView.swift in Sources */,
				545F853E254734CD00689264 /* y_View17179.swift in Sources */,
				540381D625578C6800CF52E3 /* z_Stepper.swift in Sources */,
				54D82F3E256211650033169D /* z_OffsetShape.swift in Sources */,
				5467B4942565655000822BB6 /* z_RadialGradient.swift in Sources */,
				540381CA25578BDC00CF52E3 /* z_ContextMenu.swift in Sources */,
				54D8E199256B34DC00050BC1 /* z_HSplitView.swift in Sources */,
				5493C1ED2544FF7A00AD94F5 /* z_Divider.swift in Sources */,
				54D8E154256B345800050BC1 /* z_List.swift in Sources */,
				5493C1F92544FF7A00AD94F5 /* z_TupleView.swift in Sources */,
				54D8E10E256B033A00050BC1 /* z_SecureField.swift in Sources */,
				5493C1F52544FF7A00AD94F5 /* z_ZStack.swift in Sources */,
				5467B4AF2565659800822BB6 /* z_SeparatorShapeStyle.swift in Sources */,
				547724DB2564218200C5444F /* y_InsettableShape8045.swift in Sources */,
				5467B4F12565C1C700822BB6 /* z_Edge.swift in Sources */,
				5493C1E52544FF7A00AD94F5 /* z_Color.swift in Sources */,
				542A5F882547A05200CB7C9F /* y_View20000.swift in Sources */,
				54D8E0FF256B018900050BC1 /* z_Form.swift in Sources */,
				54D8E129256B324000050BC1 /* z_Group.swift in Sources */,
				5493C1FF2544FF7A00AD94F5 /* z_Spacer.swift in Sources */,
				5493C1F12544FF7A00AD94F5 /* z_VStack.swift in Sources */,
				5467B48F256564F900822BB6 /* z_AngularGradient.swift in Sources */,
				5467B4982565655100822BB6 /* z_LinearGradient.swift in Sources */,
				5493C1FB2544FF7A00AD94F5 /* z_AnyView.swift in Sources */,
				54D82F70256216260033169D /* z_Rectangle.swift in Sources */,
				540381DD2557C8E700CF52E3 /* z_ForEach.swift in Sources */,
				54738F102551AEE400D23741 /* z__OffsetEffect.swift in Sources */,
			);
			runOnlyForDeploymentPostprocessing = 0;
		};
/* End PBXSourcesBuildPhase section */

/* Begin XCBuildConfiguration section */
		547E980E253491D800E48BD2 /* Debug */ = {
			isa = XCBuildConfiguration;
			buildSettings = {
				ALWAYS_SEARCH_USER_PATHS = NO;
				CLANG_ANALYZER_NONNULL = YES;
				CLANG_ANALYZER_NUMBER_OBJECT_CONVERSION = YES_AGGRESSIVE;
				CLANG_CXX_LANGUAGE_STANDARD = "gnu++14";
				CLANG_CXX_LIBRARY = "libc++";
				CLANG_ENABLE_MODULES = YES;
				CLANG_ENABLE_OBJC_ARC = YES;
				CLANG_ENABLE_OBJC_WEAK = YES;
				CLANG_WARN_BLOCK_CAPTURE_AUTORELEASING = YES;
				CLANG_WARN_BOOL_CONVERSION = YES;
				CLANG_WARN_COMMA = YES;
				CLANG_WARN_CONSTANT_CONVERSION = YES;
				CLANG_WARN_DEPRECATED_OBJC_IMPLEMENTATIONS = YES;
				CLANG_WARN_DIRECT_OBJC_ISA_USAGE = YES_ERROR;
				CLANG_WARN_DOCUMENTATION_COMMENTS = YES;
				CLANG_WARN_EMPTY_BODY = YES;
				CLANG_WARN_ENUM_CONVERSION = YES;
				CLANG_WARN_INFINITE_RECURSION = YES;
				CLANG_WARN_INT_CONVERSION = YES;
				CLANG_WARN_NON_LITERAL_NULL_CONVERSION = YES;
				CLANG_WARN_OBJC_IMPLICIT_RETAIN_SELF = YES;
				CLANG_WARN_OBJC_LITERAL_CONVERSION = YES;
				CLANG_WARN_OBJC_ROOT_CLASS = YES_ERROR;
				CLANG_WARN_QUOTED_INCLUDE_IN_FRAMEWORK_HEADER = YES;
				CLANG_WARN_RANGE_LOOP_ANALYSIS = YES;
				CLANG_WARN_STRICT_PROTOTYPES = YES;
				CLANG_WARN_SUSPICIOUS_MOVE = YES;
				CLANG_WARN_UNGUARDED_AVAILABILITY = YES_AGGRESSIVE;
				CLANG_WARN_UNREACHABLE_CODE = YES;
				CLANG_WARN__DUPLICATE_METHOD_MATCH = YES;
				COPY_PHASE_STRIP = NO;
				DEBUG_INFORMATION_FORMAT = dwarf;
				ENABLE_STRICT_OBJC_MSGSEND = YES;
				ENABLE_TESTABILITY = YES;
				GCC_C_LANGUAGE_STANDARD = gnu11;
				GCC_DYNAMIC_NO_PIC = NO;
				GCC_NO_COMMON_BLOCKS = YES;
				GCC_OPTIMIZATION_LEVEL = 0;
				GCC_PREPROCESSOR_DEFINITIONS = (
					"DEBUG=1",
					"$(inherited)",
				);
				GCC_WARN_64_TO_32_BIT_CONVERSION = YES;
				GCC_WARN_ABOUT_RETURN_TYPE = YES_ERROR;
				GCC_WARN_UNDECLARED_SELECTOR = YES;
				GCC_WARN_UNINITIALIZED_AUTOS = YES_AGGRESSIVE;
				GCC_WARN_UNUSED_FUNCTION = YES;
				GCC_WARN_UNUSED_VARIABLE = YES;
				MTL_ENABLE_DEBUG_INFO = INCLUDE_SOURCE;
				MTL_FAST_MATH = YES;
				ONLY_ACTIVE_ARCH = YES;
				SWIFT_ACTIVE_COMPILATION_CONDITIONS = DEBUG;
				SWIFT_OPTIMIZATION_LEVEL = "-Onone";
			};
			name = Debug;
		};
		547E980F253491D800E48BD2 /* Release */ = {
			isa = XCBuildConfiguration;
			buildSettings = {
				ALWAYS_SEARCH_USER_PATHS = NO;
				CLANG_ANALYZER_NONNULL = YES;
				CLANG_ANALYZER_NUMBER_OBJECT_CONVERSION = YES_AGGRESSIVE;
				CLANG_CXX_LANGUAGE_STANDARD = "gnu++14";
				CLANG_CXX_LIBRARY = "libc++";
				CLANG_ENABLE_MODULES = YES;
				CLANG_ENABLE_OBJC_ARC = YES;
				CLANG_ENABLE_OBJC_WEAK = YES;
				CLANG_WARN_BLOCK_CAPTURE_AUTORELEASING = YES;
				CLANG_WARN_BOOL_CONVERSION = YES;
				CLANG_WARN_COMMA = YES;
				CLANG_WARN_CONSTANT_CONVERSION = YES;
				CLANG_WARN_DEPRECATED_OBJC_IMPLEMENTATIONS = YES;
				CLANG_WARN_DIRECT_OBJC_ISA_USAGE = YES_ERROR;
				CLANG_WARN_DOCUMENTATION_COMMENTS = YES;
				CLANG_WARN_EMPTY_BODY = YES;
				CLANG_WARN_ENUM_CONVERSION = YES;
				CLANG_WARN_INFINITE_RECURSION = YES;
				CLANG_WARN_INT_CONVERSION = YES;
				CLANG_WARN_NON_LITERAL_NULL_CONVERSION = YES;
				CLANG_WARN_OBJC_IMPLICIT_RETAIN_SELF = YES;
				CLANG_WARN_OBJC_LITERAL_CONVERSION = YES;
				CLANG_WARN_OBJC_ROOT_CLASS = YES_ERROR;
				CLANG_WARN_QUOTED_INCLUDE_IN_FRAMEWORK_HEADER = YES;
				CLANG_WARN_RANGE_LOOP_ANALYSIS = YES;
				CLANG_WARN_STRICT_PROTOTYPES = YES;
				CLANG_WARN_SUSPICIOUS_MOVE = YES;
				CLANG_WARN_UNGUARDED_AVAILABILITY = YES_AGGRESSIVE;
				CLANG_WARN_UNREACHABLE_CODE = YES;
				CLANG_WARN__DUPLICATE_METHOD_MATCH = YES;
				COPY_PHASE_STRIP = NO;
				DEBUG_INFORMATION_FORMAT = "dwarf-with-dsym";
				ENABLE_NS_ASSERTIONS = NO;
				ENABLE_STRICT_OBJC_MSGSEND = YES;
				GCC_C_LANGUAGE_STANDARD = gnu11;
				GCC_NO_COMMON_BLOCKS = YES;
				GCC_WARN_64_TO_32_BIT_CONVERSION = YES;
				GCC_WARN_ABOUT_RETURN_TYPE = YES_ERROR;
				GCC_WARN_UNDECLARED_SELECTOR = YES;
				GCC_WARN_UNINITIALIZED_AUTOS = YES_AGGRESSIVE;
				GCC_WARN_UNUSED_FUNCTION = YES;
				GCC_WARN_UNUSED_VARIABLE = YES;
				MTL_ENABLE_DEBUG_INFO = NO;
				MTL_FAST_MATH = YES;
				SWIFT_COMPILATION_MODE = wholemodule;
				SWIFT_OPTIMIZATION_LEVEL = "-O";
			};
			name = Release;
		};
		547E9811253491D800E48BD2 /* Debug */ = {
			isa = XCBuildConfiguration;
			buildSettings = {
				ASSETCATALOG_COMPILER_APPICON_NAME = AppIcon;
				ASSETCATALOG_COMPILER_GLOBAL_ACCENT_COLOR_NAME = AccentColor;
				CODE_SIGN_IDENTITY = "Apple Development";
				CODE_SIGN_STYLE = Automatic;
				DEVELOPMENT_TEAM = DM9BJ949Y5;
				ENABLE_PREVIEWS = YES;
				INFOPLIST_FILE = iOS/Info.plist;
				IPHONEOS_DEPLOYMENT_TARGET = 14.0;
				LD_RUNPATH_SEARCH_PATHS = (
					"$(inherited)",
					"@executable_path/Frameworks",
				);
				PRODUCT_BUNDLE_IDENTIFIER = "contoso.UI-Tests";
				PRODUCT_NAME = "UI Tests";
				PROVISIONING_PROFILE_SPECIFIER = "";
				SDKROOT = iphoneos;
				SWIFT_VERSION = 5.0;
				TARGETED_DEVICE_FAMILY = "1,2";
			};
			name = Debug;
		};
		547E9812253491D800E48BD2 /* Release */ = {
			isa = XCBuildConfiguration;
			buildSettings = {
				ASSETCATALOG_COMPILER_APPICON_NAME = AppIcon;
				ASSETCATALOG_COMPILER_GLOBAL_ACCENT_COLOR_NAME = AccentColor;
				CODE_SIGN_IDENTITY = "Apple Development";
				CODE_SIGN_STYLE = Automatic;
				DEVELOPMENT_TEAM = DM9BJ949Y5;
				ENABLE_PREVIEWS = YES;
				INFOPLIST_FILE = iOS/Info.plist;
				IPHONEOS_DEPLOYMENT_TARGET = 14.0;
				LD_RUNPATH_SEARCH_PATHS = (
					"$(inherited)",
					"@executable_path/Frameworks",
				);
				PRODUCT_BUNDLE_IDENTIFIER = "contoso.UI-Tests";
				PRODUCT_NAME = "UI Tests";
				PROVISIONING_PROFILE_SPECIFIER = "";
				SDKROOT = iphoneos;
				SWIFT_VERSION = 5.0;
				TARGETED_DEVICE_FAMILY = "1,2";
				VALIDATE_PRODUCT = YES;
			};
			name = Release;
		};
		547E9814253491D800E48BD2 /* Debug */ = {
			isa = XCBuildConfiguration;
			buildSettings = {
				ASSETCATALOG_COMPILER_APPICON_NAME = AppIcon;
				ASSETCATALOG_COMPILER_GLOBAL_ACCENT_COLOR_NAME = AccentColor;
				CODE_SIGN_ENTITLEMENTS = macOS/macOS.entitlements;
				CODE_SIGN_IDENTITY = "Apple Development";
				CODE_SIGN_STYLE = Automatic;
				COMBINE_HIDPI_IMAGES = YES;
				DEVELOPMENT_TEAM = DM9BJ949Y5;
				ENABLE_HARDENED_RUNTIME = YES;
				ENABLE_PREVIEWS = YES;
				INFOPLIST_FILE = macOS/Info.plist;
				LD_RUNPATH_SEARCH_PATHS = (
					"$(inherited)",
					"@executable_path/../Frameworks",
				);
				MACOSX_DEPLOYMENT_TARGET = 11.0;
				PRODUCT_BUNDLE_IDENTIFIER = "contoso.UI-Tests";
				PRODUCT_NAME = "UI Tests";
				SDKROOT = macosx;
				SWIFT_VERSION = 5.0;
			};
			name = Debug;
		};
		547E9815253491D800E48BD2 /* Release */ = {
			isa = XCBuildConfiguration;
			buildSettings = {
				ASSETCATALOG_COMPILER_APPICON_NAME = AppIcon;
				ASSETCATALOG_COMPILER_GLOBAL_ACCENT_COLOR_NAME = AccentColor;
				CODE_SIGN_ENTITLEMENTS = macOS/macOS.entitlements;
				CODE_SIGN_IDENTITY = "Apple Development";
				CODE_SIGN_STYLE = Automatic;
				COMBINE_HIDPI_IMAGES = YES;
				DEVELOPMENT_TEAM = DM9BJ949Y5;
				ENABLE_HARDENED_RUNTIME = YES;
				ENABLE_PREVIEWS = YES;
				INFOPLIST_FILE = macOS/Info.plist;
				LD_RUNPATH_SEARCH_PATHS = (
					"$(inherited)",
					"@executable_path/../Frameworks",
				);
				MACOSX_DEPLOYMENT_TARGET = 11.0;
				PRODUCT_BUNDLE_IDENTIFIER = "contoso.UI-Tests";
				PRODUCT_NAME = "UI Tests";
				SDKROOT = macosx;
				SWIFT_VERSION = 5.0;
			};
			name = Release;
		};
/* End XCBuildConfiguration section */

/* Begin XCConfigurationList section */
		547E97F3253491D700E48BD2 /* Build configuration list for PBXProject "UI Tests" */ = {
			isa = XCConfigurationList;
			buildConfigurations = (
				547E980E253491D800E48BD2 /* Debug */,
				547E980F253491D800E48BD2 /* Release */,
			);
			defaultConfigurationIsVisible = 0;
			defaultConfigurationName = Release;
		};
		547E9810253491D800E48BD2 /* Build configuration list for PBXNativeTarget "UI Tests (iOS)" */ = {
			isa = XCConfigurationList;
			buildConfigurations = (
				547E9811253491D800E48BD2 /* Debug */,
				547E9812253491D800E48BD2 /* Release */,
			);
			defaultConfigurationIsVisible = 0;
			defaultConfigurationName = Release;
		};
		547E9813253491D800E48BD2 /* Build configuration list for PBXNativeTarget "UI Tests (macOS)" */ = {
			isa = XCConfigurationList;
			buildConfigurations = (
				547E9814253491D800E48BD2 /* Debug */,
				547E9815253491D800E48BD2 /* Release */,
			);
			defaultConfigurationIsVisible = 0;
			defaultConfigurationName = Release;
		};
/* End XCConfigurationList section */

/* Begin XCSwiftPackageProductDependency section */
		547E982F2534922500E48BD2 /* SwiftUIJson */ = {
			isa = XCSwiftPackageProductDependency;
			productName = SwiftUIJson;
		};
		547E98312534922B00E48BD2 /* SwiftUIJson */ = {
			isa = XCSwiftPackageProductDependency;
			productName = SwiftUIJson;
		};
/* End XCSwiftPackageProductDependency section */
	};
	rootObject = 547E97F0253491D700E48BD2 /* Project object */;
}
