// !$*UTF8*$!
{
	archiveVersion = 1;
	classes = {
	};
	objectVersion = 52;
	objects = {

/* Begin PBXBuildFile section */
		54125F42254729FD004124D3 /* Z01a_View.swift in Sources */ = {isa = PBXBuildFile; fileRef = 54125F41254729FD004124D3 /* Z01a_View.swift */; };
		54125F43254729FD004124D3 /* Z01a_View.swift in Sources */ = {isa = PBXBuildFile; fileRef = 54125F41254729FD004124D3 /* Z01a_View.swift */; };
		542A5F82254799E500CB7C9F /* Z01a_View19000.swift in Sources */ = {isa = PBXBuildFile; fileRef = 54125F3E254729FA004124D3 /* Z01a_View19000.swift */; };
		542A5F85254799E500CB7C9F /* Z01a_View19000.swift in Sources */ = {isa = PBXBuildFile; fileRef = 54125F3E254729FA004124D3 /* Z01a_View19000.swift */; };
		542A5F882547A05200CB7C9F /* Z01a_View20000.swift in Sources */ = {isa = PBXBuildFile; fileRef = 545F851925472BAE00689264 /* Z01a_View20000.swift */; };
		542A5F8B2547A05200CB7C9F /* Z01a_View20000.swift in Sources */ = {isa = PBXBuildFile; fileRef = 545F851925472BAE00689264 /* Z01a_View20000.swift */; };
		542A5F8E2547A97800CB7C9F /* Z01a_View21000.swift in Sources */ = {isa = PBXBuildFile; fileRef = 545F852025472BB500689264 /* Z01a_View21000.swift */; };
		542A5F912547A97900CB7C9F /* Z01a_View21000.swift in Sources */ = {isa = PBXBuildFile; fileRef = 545F852025472BB500689264 /* Z01a_View21000.swift */; };
		542B620F254DB75C004859D1 /* Z01a_ViewModifier22342.swift in Sources */ = {isa = PBXBuildFile; fileRef = 542B620E254DB75C004859D1 /* Z01a_ViewModifier22342.swift */; };
		542B6210254DB75C004859D1 /* Z01a_ViewModifier22342.swift in Sources */ = {isa = PBXBuildFile; fileRef = 542B620E254DB75C004859D1 /* Z01a_ViewModifier22342.swift */; };
		545F853E254734CD00689264 /* Z01a_View17175.swift in Sources */ = {isa = PBXBuildFile; fileRef = 545F853D254734CD00689264 /* Z01a_View17175.swift */; };
		545F853F254734CD00689264 /* Z01a_View17175.swift in Sources */ = {isa = PBXBuildFile; fileRef = 545F853D254734CD00689264 /* Z01a_View17175.swift */; };
		545F8548254739AD00689264 /* Z01a_View18000.swift in Sources */ = {isa = PBXBuildFile; fileRef = 54125F39254729F8004124D3 /* Z01a_View18000.swift */; };
		545F854B254739AD00689264 /* Z01a_View18000.swift in Sources */ = {isa = PBXBuildFile; fileRef = 54125F39254729F8004124D3 /* Z01a_View18000.swift */; };
		54738F0F2551AEE400D23741 /* Z01a__OffsetEffect.swift in Sources */ = {isa = PBXBuildFile; fileRef = 54738F0E2551AEE400D23741 /* Z01a__OffsetEffect.swift */; };
		54738F102551AEE400D23741 /* Z01a__OffsetEffect.swift in Sources */ = {isa = PBXBuildFile; fileRef = 54738F0E2551AEE400D23741 /* Z01a__OffsetEffect.swift */; };
		547E9808253491D800E48BD2 /* UI_TestsApp.swift in Sources */ = {isa = PBXBuildFile; fileRef = 547E97F5253491D700E48BD2 /* UI_TestsApp.swift */; };
		547E980A253491D800E48BD2 /* TestView.swift in Sources */ = {isa = PBXBuildFile; fileRef = 547E97F6253491D700E48BD2 /* TestView.swift */; };
		547E980B253491D800E48BD2 /* TestView.swift in Sources */ = {isa = PBXBuildFile; fileRef = 547E97F6253491D700E48BD2 /* TestView.swift */; };
		547E980C253491D800E48BD2 /* Assets.xcassets in Resources */ = {isa = PBXBuildFile; fileRef = 547E97F7253491D800E48BD2 /* Assets.xcassets */; };
		547E980D253491D800E48BD2 /* Assets.xcassets in Resources */ = {isa = PBXBuildFile; fileRef = 547E97F7253491D800E48BD2 /* Assets.xcassets */; };
		547E98302534922500E48BD2 /* SwiftUIJson in Frameworks */ = {isa = PBXBuildFile; productRef = 547E982F2534922500E48BD2 /* SwiftUIJson */; };
		547E98322534922B00E48BD2 /* SwiftUIJson in Frameworks */ = {isa = PBXBuildFile; productRef = 547E98312534922B00E48BD2 /* SwiftUIJson */; };
		5493C1DC2544FF7A00AD94F5 /* Z01a_Animation.swift in Sources */ = {isa = PBXBuildFile; fileRef = 5493C1C42544FF7A00AD94F5 /* Z01a_Animation.swift */; };
		5493C1DD2544FF7A00AD94F5 /* Z01a_Animation.swift in Sources */ = {isa = PBXBuildFile; fileRef = 5493C1C42544FF7A00AD94F5 /* Z01a_Animation.swift */; };
		5493C1DE2544FF7A00AD94F5 /* Z01a_Accessibility.swift in Sources */ = {isa = PBXBuildFile; fileRef = 5493C1C52544FF7A00AD94F5 /* Z01a_Accessibility.swift */; };
		5493C1DF2544FF7A00AD94F5 /* Z01a_Accessibility.swift in Sources */ = {isa = PBXBuildFile; fileRef = 5493C1C52544FF7A00AD94F5 /* Z01a_Accessibility.swift */; };
		5493C1E02544FF7A00AD94F5 /* _DynaType.swift in Sources */ = {isa = PBXBuildFile; fileRef = 5493C1C72544FF7A00AD94F5 /* _DynaType.swift */; };
		5493C1E12544FF7A00AD94F5 /* _DynaType.swift in Sources */ = {isa = PBXBuildFile; fileRef = 5493C1C72544FF7A00AD94F5 /* _DynaType.swift */; };
		5493C1E22544FF7A00AD94F5 /* Z01a_Json.swift in Sources */ = {isa = PBXBuildFile; fileRef = 5493C1C82544FF7A00AD94F5 /* Z01a_Json.swift */; };
		5493C1E32544FF7A00AD94F5 /* Z01a_Json.swift in Sources */ = {isa = PBXBuildFile; fileRef = 5493C1C82544FF7A00AD94F5 /* Z01a_Json.swift */; };
		5493C1E42544FF7A00AD94F5 /* Z01a_Color.swift in Sources */ = {isa = PBXBuildFile; fileRef = 5493C1C92544FF7A00AD94F5 /* Z01a_Color.swift */; };
		5493C1E52544FF7A00AD94F5 /* Z01a_Color.swift in Sources */ = {isa = PBXBuildFile; fileRef = 5493C1C92544FF7A00AD94F5 /* Z01a_Color.swift */; };
		5493C1E62544FF7A00AD94F5 /* Z01a_Font.swift in Sources */ = {isa = PBXBuildFile; fileRef = 5493C1CA2544FF7A00AD94F5 /* Z01a_Font.swift */; };
		5493C1E72544FF7A00AD94F5 /* Z01a_Font.swift in Sources */ = {isa = PBXBuildFile; fileRef = 5493C1CA2544FF7A00AD94F5 /* Z01a_Font.swift */; };
		5493C1E82544FF7A00AD94F5 /* Z01a__PaddingLayout.swift in Sources */ = {isa = PBXBuildFile; fileRef = 5493C1CC2544FF7A00AD94F5 /* Z01a__PaddingLayout.swift */; };
		5493C1E92544FF7A00AD94F5 /* Z01a__PaddingLayout.swift in Sources */ = {isa = PBXBuildFile; fileRef = 5493C1CC2544FF7A00AD94F5 /* Z01a__PaddingLayout.swift */; };
		5493C1EA2544FF7A00AD94F5 /* Z01a_EmptyView.swift in Sources */ = {isa = PBXBuildFile; fileRef = 5493C1CE2544FF7A00AD94F5 /* Z01a_EmptyView.swift */; };
		5493C1EB2544FF7A00AD94F5 /* Z01a_EmptyView.swift in Sources */ = {isa = PBXBuildFile; fileRef = 5493C1CE2544FF7A00AD94F5 /* Z01a_EmptyView.swift */; };
		5493C1EC2544FF7A00AD94F5 /* Z01a_Divider.swift in Sources */ = {isa = PBXBuildFile; fileRef = 5493C1CF2544FF7A00AD94F5 /* Z01a_Divider.swift */; };
		5493C1ED2544FF7A00AD94F5 /* Z01a_Divider.swift in Sources */ = {isa = PBXBuildFile; fileRef = 5493C1CF2544FF7A00AD94F5 /* Z01a_Divider.swift */; };
		5493C1EE2544FF7A00AD94F5 /* Z01a_Image.swift in Sources */ = {isa = PBXBuildFile; fileRef = 5493C1D02544FF7A00AD94F5 /* Z01a_Image.swift */; };
		5493C1EF2544FF7A00AD94F5 /* Z01a_Image.swift in Sources */ = {isa = PBXBuildFile; fileRef = 5493C1D02544FF7A00AD94F5 /* Z01a_Image.swift */; };
		5493C1F02544FF7A00AD94F5 /* Z01a_VStack.swift in Sources */ = {isa = PBXBuildFile; fileRef = 5493C1D12544FF7A00AD94F5 /* Z01a_VStack.swift */; };
		5493C1F12544FF7A00AD94F5 /* Z01a_VStack.swift in Sources */ = {isa = PBXBuildFile; fileRef = 5493C1D12544FF7A00AD94F5 /* Z01a_VStack.swift */; };
		5493C1F22544FF7A00AD94F5 /* Z01a_HStack.swift in Sources */ = {isa = PBXBuildFile; fileRef = 5493C1D22544FF7A00AD94F5 /* Z01a_HStack.swift */; };
		5493C1F32544FF7A00AD94F5 /* Z01a_HStack.swift in Sources */ = {isa = PBXBuildFile; fileRef = 5493C1D22544FF7A00AD94F5 /* Z01a_HStack.swift */; };
		5493C1F42544FF7A00AD94F5 /* Z01a_ZStack.swift in Sources */ = {isa = PBXBuildFile; fileRef = 5493C1D32544FF7A00AD94F5 /* Z01a_ZStack.swift */; };
		5493C1F52544FF7A00AD94F5 /* Z01a_ZStack.swift in Sources */ = {isa = PBXBuildFile; fileRef = 5493C1D32544FF7A00AD94F5 /* Z01a_ZStack.swift */; };
		5493C1F62544FF7A00AD94F5 /* Z01a_ConditionalContent.swift in Sources */ = {isa = PBXBuildFile; fileRef = 5493C1D52544FF7A00AD94F5 /* Z01a_ConditionalContent.swift */; };
		5493C1F72544FF7A00AD94F5 /* Z01a_ConditionalContent.swift in Sources */ = {isa = PBXBuildFile; fileRef = 5493C1D52544FF7A00AD94F5 /* Z01a_ConditionalContent.swift */; };
		5493C1F82544FF7A00AD94F5 /* Z01a_TupleView.swift in Sources */ = {isa = PBXBuildFile; fileRef = 5493C1D62544FF7A00AD94F5 /* Z01a_TupleView.swift */; };
		5493C1F92544FF7A00AD94F5 /* Z01a_TupleView.swift in Sources */ = {isa = PBXBuildFile; fileRef = 5493C1D62544FF7A00AD94F5 /* Z01a_TupleView.swift */; };
		5493C1FA2544FF7A00AD94F5 /* Z01a_AnyView.swift in Sources */ = {isa = PBXBuildFile; fileRef = 5493C1D72544FF7A00AD94F5 /* Z01a_AnyView.swift */; };
		5493C1FB2544FF7A00AD94F5 /* Z01a_AnyView.swift in Sources */ = {isa = PBXBuildFile; fileRef = 5493C1D72544FF7A00AD94F5 /* Z01a_AnyView.swift */; };
		5493C1FC2544FF7A00AD94F5 /* Z01a_LazyVStack.swift in Sources */ = {isa = PBXBuildFile; fileRef = 5493C1D82544FF7A00AD94F5 /* Z01a_LazyVStack.swift */; };
		5493C1FD2544FF7A00AD94F5 /* Z01a_LazyVStack.swift in Sources */ = {isa = PBXBuildFile; fileRef = 5493C1D82544FF7A00AD94F5 /* Z01a_LazyVStack.swift */; };
		5493C1FE2544FF7A00AD94F5 /* Z01a_Spacer.swift in Sources */ = {isa = PBXBuildFile; fileRef = 5493C1D92544FF7A00AD94F5 /* Z01a_Spacer.swift */; };
		5493C1FF2544FF7A00AD94F5 /* Z01a_Spacer.swift in Sources */ = {isa = PBXBuildFile; fileRef = 5493C1D92544FF7A00AD94F5 /* Z01a_Spacer.swift */; };
		5493C2002544FF7A00AD94F5 /* Z01a_LazyHStack.swift in Sources */ = {isa = PBXBuildFile; fileRef = 5493C1DA2544FF7A00AD94F5 /* Z01a_LazyHStack.swift */; };
		5493C2012544FF7A00AD94F5 /* Z01a_LazyHStack.swift in Sources */ = {isa = PBXBuildFile; fileRef = 5493C1DA2544FF7A00AD94F5 /* Z01a_LazyHStack.swift */; };
		5493C2022544FF7A00AD94F5 /* Z01a_Text.swift in Sources */ = {isa = PBXBuildFile; fileRef = 5493C1DB2544FF7A00AD94F5 /* Z01a_Text.swift */; };
		5493C2032544FF7A00AD94F5 /* Z01a_Text.swift in Sources */ = {isa = PBXBuildFile; fileRef = 5493C1DB2544FF7A00AD94F5 /* Z01a_Text.swift */; };
		549D7C4F253B625F00E70B72 /* UI_TestsApp.swift in Sources */ = {isa = PBXBuildFile; fileRef = 547E97F5253491D700E48BD2 /* UI_TestsApp.swift */; };
/* End PBXBuildFile section */

/* Begin PBXFileReference section */
		54125F39254729F8004124D3 /* Z01a_View18000.swift */ = {isa = PBXFileReference; lastKnownFileType = sourcecode.swift; path = Z01a_View18000.swift; sourceTree = "<group>"; };
		54125F3E254729FA004124D3 /* Z01a_View19000.swift */ = {isa = PBXFileReference; lastKnownFileType = sourcecode.swift; path = Z01a_View19000.swift; sourceTree = "<group>"; };
		54125F41254729FD004124D3 /* Z01a_View.swift */ = {isa = PBXFileReference; lastKnownFileType = sourcecode.swift; path = Z01a_View.swift; sourceTree = "<group>"; };
		542B620E254DB75C004859D1 /* Z01a_ViewModifier22342.swift */ = {isa = PBXFileReference; lastKnownFileType = sourcecode.swift; path = Z01a_ViewModifier22342.swift; sourceTree = "<group>"; };
		545F851925472BAE00689264 /* Z01a_View20000.swift */ = {isa = PBXFileReference; lastKnownFileType = sourcecode.swift; path = Z01a_View20000.swift; sourceTree = "<group>"; };
		545F852025472BB500689264 /* Z01a_View21000.swift */ = {isa = PBXFileReference; lastKnownFileType = sourcecode.swift; path = Z01a_View21000.swift; sourceTree = "<group>"; };
		545F853D254734CD00689264 /* Z01a_View17175.swift */ = {isa = PBXFileReference; lastKnownFileType = sourcecode.swift; path = Z01a_View17175.swift; sourceTree = "<group>"; };
		54738F0E2551AEE400D23741 /* Z01a__OffsetEffect.swift */ = {isa = PBXFileReference; lastKnownFileType = sourcecode.swift; path = Z01a__OffsetEffect.swift; sourceTree = "<group>"; };
		54738F212551B61400D23741 /* Z01a_Circle.swift */ = {isa = PBXFileReference; lastKnownFileType = sourcecode.swift; path = Z01a_Circle.swift; sourceTree = "<group>"; };
		54738F262551B6A700D23741 /* Z01a_AnyViewModifier.swift */ = {isa = PBXFileReference; lastKnownFileType = sourcecode.swift; path = Z01a_AnyViewModifier.swift; sourceTree = "<group>"; };
		54738F272551B70000D23741 /* Z01a__TabViewStyleModifier.swift */ = {isa = PBXFileReference; lastKnownFileType = sourcecode.swift; path = Z01a__TabViewStyleModifier.swift; sourceTree = "<group>"; };
		547E97F5253491D700E48BD2 /* UI_TestsApp.swift */ = {isa = PBXFileReference; lastKnownFileType = sourcecode.swift; path = UI_TestsApp.swift; sourceTree = "<group>"; };
		547E97F6253491D700E48BD2 /* TestView.swift */ = {isa = PBXFileReference; lastKnownFileType = sourcecode.swift; path = TestView.swift; sourceTree = "<group>"; };
		547E97F7253491D800E48BD2 /* Assets.xcassets */ = {isa = PBXFileReference; lastKnownFileType = folder.assetcatalog; path = Assets.xcassets; sourceTree = "<group>"; };
		547E97FC253491D800E48BD2 /* UI Tests.app */ = {isa = PBXFileReference; explicitFileType = wrapper.application; includeInIndex = 0; path = "UI Tests.app"; sourceTree = BUILT_PRODUCTS_DIR; };
		547E97FF253491D800E48BD2 /* Info.plist */ = {isa = PBXFileReference; lastKnownFileType = text.plist.xml; path = Info.plist; sourceTree = "<group>"; };
		547E9804253491D800E48BD2 /* UI Tests.app */ = {isa = PBXFileReference; explicitFileType = wrapper.application; includeInIndex = 0; path = "UI Tests.app"; sourceTree = BUILT_PRODUCTS_DIR; };
		547E9806253491D800E48BD2 /* Info.plist */ = {isa = PBXFileReference; lastKnownFileType = text.plist.xml; path = Info.plist; sourceTree = "<group>"; };
		547E9807253491D800E48BD2 /* macOS.entitlements */ = {isa = PBXFileReference; lastKnownFileType = text.plist.entitlements; path = macOS.entitlements; sourceTree = "<group>"; };
		547E9818253491EB00E48BD2 /* README.md */ = {isa = PBXFileReference; lastKnownFileType = net.daringfireball.markdown; path = README.md; sourceTree = "<group>"; };
		5493C1C42544FF7A00AD94F5 /* Z01a_Animation.swift */ = {isa = PBXFileReference; fileEncoding = 4; lastKnownFileType = sourcecode.swift; path = Z01a_Animation.swift; sourceTree = "<group>"; };
		5493C1C52544FF7A00AD94F5 /* Z01a_Accessibility.swift */ = {isa = PBXFileReference; fileEncoding = 4; lastKnownFileType = sourcecode.swift; path = Z01a_Accessibility.swift; sourceTree = "<group>"; };
		5493C1C72544FF7A00AD94F5 /* _DynaType.swift */ = {isa = PBXFileReference; fileEncoding = 4; lastKnownFileType = sourcecode.swift; path = _DynaType.swift; sourceTree = "<group>"; };
		5493C1C82544FF7A00AD94F5 /* Z01a_Json.swift */ = {isa = PBXFileReference; fileEncoding = 4; lastKnownFileType = sourcecode.swift; path = Z01a_Json.swift; sourceTree = "<group>"; };
		5493C1C92544FF7A00AD94F5 /* Z01a_Color.swift */ = {isa = PBXFileReference; fileEncoding = 4; lastKnownFileType = sourcecode.swift; path = Z01a_Color.swift; sourceTree = "<group>"; };
		5493C1CA2544FF7A00AD94F5 /* Z01a_Font.swift */ = {isa = PBXFileReference; fileEncoding = 4; lastKnownFileType = sourcecode.swift; path = Z01a_Font.swift; sourceTree = "<group>"; };
		5493C1CC2544FF7A00AD94F5 /* Z01a__PaddingLayout.swift */ = {isa = PBXFileReference; fileEncoding = 4; lastKnownFileType = sourcecode.swift; path = Z01a__PaddingLayout.swift; sourceTree = "<group>"; };
		5493C1CE2544FF7A00AD94F5 /* Z01a_EmptyView.swift */ = {isa = PBXFileReference; fileEncoding = 4; lastKnownFileType = sourcecode.swift; path = Z01a_EmptyView.swift; sourceTree = "<group>"; };
		5493C1CF2544FF7A00AD94F5 /* Z01a_Divider.swift */ = {isa = PBXFileReference; fileEncoding = 4; lastKnownFileType = sourcecode.swift; path = Z01a_Divider.swift; sourceTree = "<group>"; };
		5493C1D02544FF7A00AD94F5 /* Z01a_Image.swift */ = {isa = PBXFileReference; fileEncoding = 4; lastKnownFileType = sourcecode.swift; path = Z01a_Image.swift; sourceTree = "<group>"; };
		5493C1D12544FF7A00AD94F5 /* Z01a_VStack.swift */ = {isa = PBXFileReference; fileEncoding = 4; lastKnownFileType = sourcecode.swift; path = Z01a_VStack.swift; sourceTree = "<group>"; };
		5493C1D22544FF7A00AD94F5 /* Z01a_HStack.swift */ = {isa = PBXFileReference; fileEncoding = 4; lastKnownFileType = sourcecode.swift; path = Z01a_HStack.swift; sourceTree = "<group>"; };
		5493C1D32544FF7A00AD94F5 /* Z01a_ZStack.swift */ = {isa = PBXFileReference; fileEncoding = 4; lastKnownFileType = sourcecode.swift; path = Z01a_ZStack.swift; sourceTree = "<group>"; };
		5493C1D52544FF7A00AD94F5 /* Z01a_ConditionalContent.swift */ = {isa = PBXFileReference; fileEncoding = 4; lastKnownFileType = sourcecode.swift; path = Z01a_ConditionalContent.swift; sourceTree = "<group>"; };
		5493C1D62544FF7A00AD94F5 /* Z01a_TupleView.swift */ = {isa = PBXFileReference; fileEncoding = 4; lastKnownFileType = sourcecode.swift; path = Z01a_TupleView.swift; sourceTree = "<group>"; };
		5493C1D72544FF7A00AD94F5 /* Z01a_AnyView.swift */ = {isa = PBXFileReference; fileEncoding = 4; lastKnownFileType = sourcecode.swift; path = Z01a_AnyView.swift; sourceTree = "<group>"; };
		5493C1D82544FF7A00AD94F5 /* Z01a_LazyVStack.swift */ = {isa = PBXFileReference; fileEncoding = 4; lastKnownFileType = sourcecode.swift; path = Z01a_LazyVStack.swift; sourceTree = "<group>"; };
		5493C1D92544FF7A00AD94F5 /* Z01a_Spacer.swift */ = {isa = PBXFileReference; fileEncoding = 4; lastKnownFileType = sourcecode.swift; path = Z01a_Spacer.swift; sourceTree = "<group>"; };
		5493C1DA2544FF7A00AD94F5 /* Z01a_LazyHStack.swift */ = {isa = PBXFileReference; fileEncoding = 4; lastKnownFileType = sourcecode.swift; path = Z01a_LazyHStack.swift; sourceTree = "<group>"; };
		5493C1DB2544FF7A00AD94F5 /* Z01a_Text.swift */ = {isa = PBXFileReference; fileEncoding = 4; lastKnownFileType = sourcecode.swift; path = Z01a_Text.swift; sourceTree = "<group>"; };
/* End PBXFileReference section */

/* Begin PBXFrameworksBuildPhase section */
		547E97F9253491D800E48BD2 /* Frameworks */ = {
			isa = PBXFrameworksBuildPhase;
			buildActionMask = 2147483647;
			files = (
				547E98302534922500E48BD2 /* SwiftUIJson in Frameworks */,
			);
			runOnlyForDeploymentPostprocessing = 0;
		};
		547E9801253491D800E48BD2 /* Frameworks */ = {
			isa = PBXFrameworksBuildPhase;
			buildActionMask = 2147483647;
			files = (
				547E98322534922B00E48BD2 /* SwiftUIJson in Frameworks */,
			);
			runOnlyForDeploymentPostprocessing = 0;
		};
/* End PBXFrameworksBuildPhase section */

/* Begin PBXGroup section */
		54738F192551B4C000D23741 /* Z - JsonUI */ = {
			isa = PBXGroup;
			children = (
				5493C1C82544FF7A00AD94F5 /* Z01a_Json.swift */,
			);
			path = "Z - JsonUI";
			sourceTree = "<group>";
		};
		54738F202551B60A00D23741 /* Shapes */ = {
			isa = PBXGroup;
			children = (
				54738F212551B61400D23741 /* Z01a_Circle.swift */,
			);
			path = Shapes;
			sourceTree = "<group>";
		};
		54738F242551B68F00D23741 /* Style */ = {
			isa = PBXGroup;
			children = (
				54738F272551B70000D23741 /* Z01a__TabViewStyleModifier.swift */,
			);
			path = Style;
			sourceTree = "<group>";
		};
		54738F252551B69500D23741 /* System */ = {
			isa = PBXGroup;
			children = (
				54738F262551B6A700D23741 /* Z01a_AnyViewModifier.swift */,
			);
			path = System;
			sourceTree = "<group>";
		};
		547E97EF253491D700E48BD2 = {
			isa = PBXGroup;
			children = (
				547E9818253491EB00E48BD2 /* README.md */,
				547E97F4253491D700E48BD2 /* Shared */,
				547E97FE253491D800E48BD2 /* iOS */,
				547E9805253491D800E48BD2 /* macOS */,
				547E97FD253491D800E48BD2 /* Products */,
				547E982E2534922500E48BD2 /* Frameworks */,
			);
			sourceTree = "<group>";
		};
		547E97F4253491D700E48BD2 /* Shared */ = {
			isa = PBXGroup;
			children = (
				5493C1C22544FF7A00AD94F5 /* 9 - View Tests */,
				547E97F5253491D700E48BD2 /* UI_TestsApp.swift */,
				547E97F6253491D700E48BD2 /* TestView.swift */,
				547E97F7253491D800E48BD2 /* Assets.xcassets */,
			);
			path = Shared;
			sourceTree = "<group>";
		};
		547E97FD253491D800E48BD2 /* Products */ = {
			isa = PBXGroup;
			children = (
				547E97FC253491D800E48BD2 /* UI Tests.app */,
				547E9804253491D800E48BD2 /* UI Tests.app */,
			);
			name = Products;
			sourceTree = "<group>";
		};
		547E97FE253491D800E48BD2 /* iOS */ = {
			isa = PBXGroup;
			children = (
				547E97FF253491D800E48BD2 /* Info.plist */,
			);
			path = iOS;
			sourceTree = "<group>";
		};
		547E9805253491D800E48BD2 /* macOS */ = {
			isa = PBXGroup;
			children = (
				547E9806253491D800E48BD2 /* Info.plist */,
				547E9807253491D800E48BD2 /* macOS.entitlements */,
			);
			path = macOS;
			sourceTree = "<group>";
		};
		547E982E2534922500E48BD2 /* Frameworks */ = {
			isa = PBXGroup;
			children = (
			);
			name = Frameworks;
			sourceTree = "<group>";
		};
		5493C1C22544FF7A00AD94F5 /* 9 - View Tests */ = {
			isa = PBXGroup;
			children = (
				54738F192551B4C000D23741 /* Z - JsonUI */,
				5493C1CB2544FF7A00AD94F5 /* Z - Modifiers */,
				5493C1C62544FF7A00AD94F5 /* Z - SwiftUI */,
				5493C1CD2544FF7A00AD94F5 /* Z - Views */,
				5493C1C32544FF7A00AD94F5 /* Z - ViewsToDo */,
			);
			path = "9 - View Tests";
			sourceTree = "<group>";
		};
		5493C1C32544FF7A00AD94F5 /* Z - ViewsToDo */ = {
			isa = PBXGroup;
			children = (
				5493C1C52544FF7A00AD94F5 /* Z01a_Accessibility.swift */,
				5493C1C42544FF7A00AD94F5 /* Z01a_Animation.swift */,
			);
			path = "Z - ViewsToDo";
			sourceTree = "<group>";
		};
		5493C1C62544FF7A00AD94F5 /* Z - SwiftUI */ = {
			isa = PBXGroup;
			children = (
				54738F202551B60A00D23741 /* Shapes */,
				5493C1C72544FF7A00AD94F5 /* _DynaType.swift */,
				5493C1C92544FF7A00AD94F5 /* Z01a_Color.swift */,
				5493C1CA2544FF7A00AD94F5 /* Z01a_Font.swift */,
			);
			path = "Z - SwiftUI";
			sourceTree = "<group>";
		};
		5493C1CB2544FF7A00AD94F5 /* Z - Modifiers */ = {
			isa = PBXGroup;
			children = (
				54738F242551B68F00D23741 /* Style */,
				54738F252551B69500D23741 /* System */,
				54738F0E2551AEE400D23741 /* Z01a__OffsetEffect.swift */,
				5493C1CC2544FF7A00AD94F5 /* Z01a__PaddingLayout.swift */,
				54125F41254729FD004124D3 /* Z01a_View.swift */,
				545F853D254734CD00689264 /* Z01a_View17175.swift */,
				54125F39254729F8004124D3 /* Z01a_View18000.swift */,
				54125F3E254729FA004124D3 /* Z01a_View19000.swift */,
				545F851925472BAE00689264 /* Z01a_View20000.swift */,
				545F852025472BB500689264 /* Z01a_View21000.swift */,
				542B620E254DB75C004859D1 /* Z01a_ViewModifier22342.swift */,
			);
			path = "Z - Modifiers";
			sourceTree = "<group>";
		};
		5493C1CD2544FF7A00AD94F5 /* Z - Views */ = {
			isa = PBXGroup;
			children = (
				5493C1D42544FF7A00AD94F5 /* System */,
				5493C1CF2544FF7A00AD94F5 /* Z01a_Divider.swift */,
				5493C1CE2544FF7A00AD94F5 /* Z01a_EmptyView.swift */,
				5493C1D22544FF7A00AD94F5 /* Z01a_HStack.swift */,
				5493C1D02544FF7A00AD94F5 /* Z01a_Image.swift */,
				5493C1DA2544FF7A00AD94F5 /* Z01a_LazyHStack.swift */,
				5493C1D82544FF7A00AD94F5 /* Z01a_LazyVStack.swift */,
				5493C1D92544FF7A00AD94F5 /* Z01a_Spacer.swift */,
				5493C1DB2544FF7A00AD94F5 /* Z01a_Text.swift */,
				5493C1D12544FF7A00AD94F5 /* Z01a_VStack.swift */,
				5493C1D32544FF7A00AD94F5 /* Z01a_ZStack.swift */,
			);
			path = "Z - Views";
			sourceTree = "<group>";
		};
		5493C1D42544FF7A00AD94F5 /* System */ = {
			isa = PBXGroup;
			children = (
				5493C1D72544FF7A00AD94F5 /* Z01a_AnyView.swift */,
				5493C1D52544FF7A00AD94F5 /* Z01a_ConditionalContent.swift */,
				5493C1D62544FF7A00AD94F5 /* Z01a_TupleView.swift */,
			);
			path = System;
			sourceTree = "<group>";
		};
/* End PBXGroup section */

/* Begin PBXNativeTarget section */
		547E97FB253491D800E48BD2 /* UI Tests (iOS) */ = {
			isa = PBXNativeTarget;
			buildConfigurationList = 547E9810253491D800E48BD2 /* Build configuration list for PBXNativeTarget "UI Tests (iOS)" */;
			buildPhases = (
				547E97F8253491D800E48BD2 /* Sources */,
				547E97F9253491D800E48BD2 /* Frameworks */,
				547E97FA253491D800E48BD2 /* Resources */,
			);
			buildRules = (
			);
			dependencies = (
			);
			name = "UI Tests (iOS)";
			packageProductDependencies = (
				547E982F2534922500E48BD2 /* SwiftUIJson */,
			);
			productName = "UI Tests (iOS)";
			productReference = 547E97FC253491D800E48BD2 /* UI Tests.app */;
			productType = "com.apple.product-type.application";
		};
		547E9803253491D800E48BD2 /* UI Tests (macOS) */ = {
			isa = PBXNativeTarget;
			buildConfigurationList = 547E9813253491D800E48BD2 /* Build configuration list for PBXNativeTarget "UI Tests (macOS)" */;
			buildPhases = (
				547E9800253491D800E48BD2 /* Sources */,
				547E9801253491D800E48BD2 /* Frameworks */,
				547E9802253491D800E48BD2 /* Resources */,
			);
			buildRules = (
			);
			dependencies = (
			);
			name = "UI Tests (macOS)";
			packageProductDependencies = (
				547E98312534922B00E48BD2 /* SwiftUIJson */,
			);
			productName = "UI Tests (macOS)";
			productReference = 547E9804253491D800E48BD2 /* UI Tests.app */;
			productType = "com.apple.product-type.application";
		};
/* End PBXNativeTarget section */

/* Begin PBXProject section */
		547E97F0253491D700E48BD2 /* Project object */ = {
			isa = PBXProject;
			attributes = {
				LastSwiftUpdateCheck = 1220;
				LastUpgradeCheck = 1220;
				TargetAttributes = {
					547E97FB253491D800E48BD2 = {
						CreatedOnToolsVersion = 12.2;
					};
					547E9803253491D800E48BD2 = {
						CreatedOnToolsVersion = 12.2;
					};
				};
			};
			buildConfigurationList = 547E97F3253491D700E48BD2 /* Build configuration list for PBXProject "UI Tests" */;
			compatibilityVersion = "Xcode 9.3";
			developmentRegion = en;
			hasScannedForEncodings = 0;
			knownRegions = (
				en,
				Base,
			);
			mainGroup = 547E97EF253491D700E48BD2;
			productRefGroup = 547E97FD253491D800E48BD2 /* Products */;
			projectDirPath = "";
			projectRoot = "";
			targets = (
				547E97FB253491D800E48BD2 /* UI Tests (iOS) */,
				547E9803253491D800E48BD2 /* UI Tests (macOS) */,
			);
		};
/* End PBXProject section */

/* Begin PBXResourcesBuildPhase section */
		547E97FA253491D800E48BD2 /* Resources */ = {
			isa = PBXResourcesBuildPhase;
			buildActionMask = 2147483647;
			files = (
				547E980C253491D800E48BD2 /* Assets.xcassets in Resources */,
			);
			runOnlyForDeploymentPostprocessing = 0;
		};
		547E9802253491D800E48BD2 /* Resources */ = {
			isa = PBXResourcesBuildPhase;
			buildActionMask = 2147483647;
			files = (
				547E980D253491D800E48BD2 /* Assets.xcassets in Resources */,
			);
			runOnlyForDeploymentPostprocessing = 0;
		};
/* End PBXResourcesBuildPhase section */

/* Begin PBXSourcesBuildPhase section */
		547E97F8253491D800E48BD2 /* Sources */ = {
			isa = PBXSourcesBuildPhase;
			buildActionMask = 2147483647;
			files = (
				545F8548254739AD00689264 /* Z01a_View18000.swift in Sources */,
				547E980A253491D800E48BD2 /* TestView.swift in Sources */,
				5493C1EE2544FF7A00AD94F5 /* Z01a_Image.swift in Sources */,
				542B6210254DB75C004859D1 /* Z01a_ViewModifier22342.swift in Sources */,
				5493C1F62544FF7A00AD94F5 /* Z01a_ConditionalContent.swift in Sources */,
				542A5F912547A97900CB7C9F /* Z01a_View21000.swift in Sources */,
				5493C1E82544FF7A00AD94F5 /* Z01a__PaddingLayout.swift in Sources */,
				5493C2022544FF7A00AD94F5 /* Z01a_Text.swift in Sources */,
				5493C1E02544FF7A00AD94F5 /* _DynaType.swift in Sources */,
				5493C1DC2544FF7A00AD94F5 /* Z01a_Animation.swift in Sources */,
				5493C1FC2544FF7A00AD94F5 /* Z01a_LazyVStack.swift in Sources */,
				5493C1EA2544FF7A00AD94F5 /* Z01a_EmptyView.swift in Sources */,
				5493C1DE2544FF7A00AD94F5 /* Z01a_Accessibility.swift in Sources */,
				5493C1F22544FF7A00AD94F5 /* Z01a_HStack.swift in Sources */,
				5493C1E62544FF7A00AD94F5 /* Z01a_Font.swift in Sources */,
				542A5F82254799E500CB7C9F /* Z01a_View19000.swift in Sources */,
				547E9808253491D800E48BD2 /* UI_TestsApp.swift in Sources */,
				5493C1E22544FF7A00AD94F5 /* Z01a_Json.swift in Sources */,
				5493C2002544FF7A00AD94F5 /* Z01a_LazyHStack.swift in Sources */,
				54125F43254729FD004124D3 /* Z01a_View.swift in Sources */,
				545F853F254734CD00689264 /* Z01a_View17175.swift in Sources */,
				5493C1EC2544FF7A00AD94F5 /* Z01a_Divider.swift in Sources */,
				5493C1F82544FF7A00AD94F5 /* Z01a_TupleView.swift in Sources */,
				5493C1F42544FF7A00AD94F5 /* Z01a_ZStack.swift in Sources */,
				5493C1E42544FF7A00AD94F5 /* Z01a_Color.swift in Sources */,
				542A5F8B2547A05200CB7C9F /* Z01a_View20000.swift in Sources */,
				5493C1FE2544FF7A00AD94F5 /* Z01a_Spacer.swift in Sources */,
				5493C1F02544FF7A00AD94F5 /* Z01a_VStack.swift in Sources */,
				5493C1FA2544FF7A00AD94F5 /* Z01a_AnyView.swift in Sources */,
				54738F0F2551AEE400D23741 /* Z01a__OffsetEffect.swift in Sources */,
			);
			runOnlyForDeploymentPostprocessing = 0;
		};
		547E9800253491D800E48BD2 /* Sources */ = {
			isa = PBXSourcesBuildPhase;
			buildActionMask = 2147483647;
			files = (
				545F854B254739AD00689264 /* Z01a_View18000.swift in Sources */,
				547E980B253491D800E48BD2 /* TestView.swift in Sources */,
				5493C1EF2544FF7A00AD94F5 /* Z01a_Image.swift in Sources */,
				542B620F254DB75C004859D1 /* Z01a_ViewModifier22342.swift in Sources */,
				5493C1F72544FF7A00AD94F5 /* Z01a_ConditionalContent.swift in Sources */,
				542A5F8E2547A97800CB7C9F /* Z01a_View21000.swift in Sources */,
				5493C1E92544FF7A00AD94F5 /* Z01a__PaddingLayout.swift in Sources */,
				5493C2032544FF7A00AD94F5 /* Z01a_Text.swift in Sources */,
				5493C1E12544FF7A00AD94F5 /* _DynaType.swift in Sources */,
				5493C1DD2544FF7A00AD94F5 /* Z01a_Animation.swift in Sources */,
				5493C1FD2544FF7A00AD94F5 /* Z01a_LazyVStack.swift in Sources */,
				5493C1EB2544FF7A00AD94F5 /* Z01a_EmptyView.swift in Sources */,
				5493C1DF2544FF7A00AD94F5 /* Z01a_Accessibility.swift in Sources */,
				5493C1F32544FF7A00AD94F5 /* Z01a_HStack.swift in Sources */,
				5493C1E72544FF7A00AD94F5 /* Z01a_Font.swift in Sources */,
				542A5F85254799E500CB7C9F /* Z01a_View19000.swift in Sources */,
				549D7C4F253B625F00E70B72 /* UI_TestsApp.swift in Sources */,
				5493C1E32544FF7A00AD94F5 /* Z01a_Json.swift in Sources */,
				5493C2012544FF7A00AD94F5 /* Z01a_LazyHStack.swift in Sources */,
				54125F42254729FD004124D3 /* Z01a_View.swift in Sources */,
				545F853E254734CD00689264 /* Z01a_View17175.swift in Sources */,
				5493C1ED2544FF7A00AD94F5 /* Z01a_Divider.swift in Sources */,
				5493C1F92544FF7A00AD94F5 /* Z01a_TupleView.swift in Sources */,
				5493C1F52544FF7A00AD94F5 /* Z01a_ZStack.swift in Sources */,
				5493C1E52544FF7A00AD94F5 /* Z01a_Color.swift in Sources */,
				542A5F882547A05200CB7C9F /* Z01a_View20000.swift in Sources */,
				5493C1FF2544FF7A00AD94F5 /* Z01a_Spacer.swift in Sources */,
				5493C1F12544FF7A00AD94F5 /* Z01a_VStack.swift in Sources */,
				5493C1FB2544FF7A00AD94F5 /* Z01a_AnyView.swift in Sources */,
				54738F102551AEE400D23741 /* Z01a__OffsetEffect.swift in Sources */,
			);
			runOnlyForDeploymentPostprocessing = 0;
		};
/* End PBXSourcesBuildPhase section */

/* Begin XCBuildConfiguration section */
		547E980E253491D800E48BD2 /* Debug */ = {
			isa = XCBuildConfiguration;
			buildSettings = {
				ALWAYS_SEARCH_USER_PATHS = NO;
				CLANG_ANALYZER_NONNULL = YES;
				CLANG_ANALYZER_NUMBER_OBJECT_CONVERSION = YES_AGGRESSIVE;
				CLANG_CXX_LANGUAGE_STANDARD = "gnu++14";
				CLANG_CXX_LIBRARY = "libc++";
				CLANG_ENABLE_MODULES = YES;
				CLANG_ENABLE_OBJC_ARC = YES;
				CLANG_ENABLE_OBJC_WEAK = YES;
				CLANG_WARN_BLOCK_CAPTURE_AUTORELEASING = YES;
				CLANG_WARN_BOOL_CONVERSION = YES;
				CLANG_WARN_COMMA = YES;
				CLANG_WARN_CONSTANT_CONVERSION = YES;
				CLANG_WARN_DEPRECATED_OBJC_IMPLEMENTATIONS = YES;
				CLANG_WARN_DIRECT_OBJC_ISA_USAGE = YES_ERROR;
				CLANG_WARN_DOCUMENTATION_COMMENTS = YES;
				CLANG_WARN_EMPTY_BODY = YES;
				CLANG_WARN_ENUM_CONVERSION = YES;
				CLANG_WARN_INFINITE_RECURSION = YES;
				CLANG_WARN_INT_CONVERSION = YES;
				CLANG_WARN_NON_LITERAL_NULL_CONVERSION = YES;
				CLANG_WARN_OBJC_IMPLICIT_RETAIN_SELF = YES;
				CLANG_WARN_OBJC_LITERAL_CONVERSION = YES;
				CLANG_WARN_OBJC_ROOT_CLASS = YES_ERROR;
				CLANG_WARN_QUOTED_INCLUDE_IN_FRAMEWORK_HEADER = YES;
				CLANG_WARN_RANGE_LOOP_ANALYSIS = YES;
				CLANG_WARN_STRICT_PROTOTYPES = YES;
				CLANG_WARN_SUSPICIOUS_MOVE = YES;
				CLANG_WARN_UNGUARDED_AVAILABILITY = YES_AGGRESSIVE;
				CLANG_WARN_UNREACHABLE_CODE = YES;
				CLANG_WARN__DUPLICATE_METHOD_MATCH = YES;
				COPY_PHASE_STRIP = NO;
				DEBUG_INFORMATION_FORMAT = dwarf;
				ENABLE_STRICT_OBJC_MSGSEND = YES;
				ENABLE_TESTABILITY = YES;
				GCC_C_LANGUAGE_STANDARD = gnu11;
				GCC_DYNAMIC_NO_PIC = NO;
				GCC_NO_COMMON_BLOCKS = YES;
				GCC_OPTIMIZATION_LEVEL = 0;
				GCC_PREPROCESSOR_DEFINITIONS = (
					"DEBUG=1",
					"$(inherited)",
				);
				GCC_WARN_64_TO_32_BIT_CONVERSION = YES;
				GCC_WARN_ABOUT_RETURN_TYPE = YES_ERROR;
				GCC_WARN_UNDECLARED_SELECTOR = YES;
				GCC_WARN_UNINITIALIZED_AUTOS = YES_AGGRESSIVE;
				GCC_WARN_UNUSED_FUNCTION = YES;
				GCC_WARN_UNUSED_VARIABLE = YES;
				MTL_ENABLE_DEBUG_INFO = INCLUDE_SOURCE;
				MTL_FAST_MATH = YES;
				ONLY_ACTIVE_ARCH = YES;
				SWIFT_ACTIVE_COMPILATION_CONDITIONS = DEBUG;
				SWIFT_OPTIMIZATION_LEVEL = "-Onone";
			};
			name = Debug;
		};
		547E980F253491D800E48BD2 /* Release */ = {
			isa = XCBuildConfiguration;
			buildSettings = {
				ALWAYS_SEARCH_USER_PATHS = NO;
				CLANG_ANALYZER_NONNULL = YES;
				CLANG_ANALYZER_NUMBER_OBJECT_CONVERSION = YES_AGGRESSIVE;
				CLANG_CXX_LANGUAGE_STANDARD = "gnu++14";
				CLANG_CXX_LIBRARY = "libc++";
				CLANG_ENABLE_MODULES = YES;
				CLANG_ENABLE_OBJC_ARC = YES;
				CLANG_ENABLE_OBJC_WEAK = YES;
				CLANG_WARN_BLOCK_CAPTURE_AUTORELEASING = YES;
				CLANG_WARN_BOOL_CONVERSION = YES;
				CLANG_WARN_COMMA = YES;
				CLANG_WARN_CONSTANT_CONVERSION = YES;
				CLANG_WARN_DEPRECATED_OBJC_IMPLEMENTATIONS = YES;
				CLANG_WARN_DIRECT_OBJC_ISA_USAGE = YES_ERROR;
				CLANG_WARN_DOCUMENTATION_COMMENTS = YES;
				CLANG_WARN_EMPTY_BODY = YES;
				CLANG_WARN_ENUM_CONVERSION = YES;
				CLANG_WARN_INFINITE_RECURSION = YES;
				CLANG_WARN_INT_CONVERSION = YES;
				CLANG_WARN_NON_LITERAL_NULL_CONVERSION = YES;
				CLANG_WARN_OBJC_IMPLICIT_RETAIN_SELF = YES;
				CLANG_WARN_OBJC_LITERAL_CONVERSION = YES;
				CLANG_WARN_OBJC_ROOT_CLASS = YES_ERROR;
				CLANG_WARN_QUOTED_INCLUDE_IN_FRAMEWORK_HEADER = YES;
				CLANG_WARN_RANGE_LOOP_ANALYSIS = YES;
				CLANG_WARN_STRICT_PROTOTYPES = YES;
				CLANG_WARN_SUSPICIOUS_MOVE = YES;
				CLANG_WARN_UNGUARDED_AVAILABILITY = YES_AGGRESSIVE;
				CLANG_WARN_UNREACHABLE_CODE = YES;
				CLANG_WARN__DUPLICATE_METHOD_MATCH = YES;
				COPY_PHASE_STRIP = NO;
				DEBUG_INFORMATION_FORMAT = "dwarf-with-dsym";
				ENABLE_NS_ASSERTIONS = NO;
				ENABLE_STRICT_OBJC_MSGSEND = YES;
				GCC_C_LANGUAGE_STANDARD = gnu11;
				GCC_NO_COMMON_BLOCKS = YES;
				GCC_WARN_64_TO_32_BIT_CONVERSION = YES;
				GCC_WARN_ABOUT_RETURN_TYPE = YES_ERROR;
				GCC_WARN_UNDECLARED_SELECTOR = YES;
				GCC_WARN_UNINITIALIZED_AUTOS = YES_AGGRESSIVE;
				GCC_WARN_UNUSED_FUNCTION = YES;
				GCC_WARN_UNUSED_VARIABLE = YES;
				MTL_ENABLE_DEBUG_INFO = NO;
				MTL_FAST_MATH = YES;
				SWIFT_COMPILATION_MODE = wholemodule;
				SWIFT_OPTIMIZATION_LEVEL = "-O";
			};
			name = Release;
		};
		547E9811253491D800E48BD2 /* Debug */ = {
			isa = XCBuildConfiguration;
			buildSettings = {
				ASSETCATALOG_COMPILER_APPICON_NAME = AppIcon;
				ASSETCATALOG_COMPILER_GLOBAL_ACCENT_COLOR_NAME = AccentColor;
				CODE_SIGN_STYLE = Automatic;
				DEVELOPMENT_TEAM = DM9BJ949Y5;
				ENABLE_PREVIEWS = YES;
				INFOPLIST_FILE = iOS/Info.plist;
				IPHONEOS_DEPLOYMENT_TARGET = 14.0;
				LD_RUNPATH_SEARCH_PATHS = (
					"$(inherited)",
					"@executable_path/Frameworks",
				);
				PRODUCT_BUNDLE_IDENTIFIER = "contoso.UI-Tests";
				PRODUCT_NAME = "UI Tests";
				SDKROOT = iphoneos;
				SWIFT_VERSION = 5.0;
				TARGETED_DEVICE_FAMILY = "1,2";
			};
			name = Debug;
		};
		547E9812253491D800E48BD2 /* Release */ = {
			isa = XCBuildConfiguration;
			buildSettings = {
				ASSETCATALOG_COMPILER_APPICON_NAME = AppIcon;
				ASSETCATALOG_COMPILER_GLOBAL_ACCENT_COLOR_NAME = AccentColor;
				CODE_SIGN_STYLE = Automatic;
				DEVELOPMENT_TEAM = DM9BJ949Y5;
				ENABLE_PREVIEWS = YES;
				INFOPLIST_FILE = iOS/Info.plist;
				IPHONEOS_DEPLOYMENT_TARGET = 14.0;
				LD_RUNPATH_SEARCH_PATHS = (
					"$(inherited)",
					"@executable_path/Frameworks",
				);
				PRODUCT_BUNDLE_IDENTIFIER = "contoso.UI-Tests";
				PRODUCT_NAME = "UI Tests";
				SDKROOT = iphoneos;
				SWIFT_VERSION = 5.0;
				TARGETED_DEVICE_FAMILY = "1,2";
				VALIDATE_PRODUCT = YES;
			};
			name = Release;
		};
		547E9814253491D800E48BD2 /* Debug */ = {
			isa = XCBuildConfiguration;
			buildSettings = {
				ASSETCATALOG_COMPILER_APPICON_NAME = AppIcon;
				ASSETCATALOG_COMPILER_GLOBAL_ACCENT_COLOR_NAME = AccentColor;
				CODE_SIGN_ENTITLEMENTS = macOS/macOS.entitlements;
				CODE_SIGN_STYLE = Automatic;
				COMBINE_HIDPI_IMAGES = YES;
				DEVELOPMENT_TEAM = DM9BJ949Y5;
				ENABLE_HARDENED_RUNTIME = YES;
				ENABLE_PREVIEWS = YES;
				INFOPLIST_FILE = macOS/Info.plist;
				LD_RUNPATH_SEARCH_PATHS = (
					"$(inherited)",
					"@executable_path/../Frameworks",
				);
				MACOSX_DEPLOYMENT_TARGET = 11.0;
				PRODUCT_BUNDLE_IDENTIFIER = "contoso.UI-Tests";
				PRODUCT_NAME = "UI Tests";
				SDKROOT = macosx;
				SWIFT_VERSION = 5.0;
			};
			name = Debug;
		};
		547E9815253491D800E48BD2 /* Release */ = {
			isa = XCBuildConfiguration;
			buildSettings = {
				ASSETCATALOG_COMPILER_APPICON_NAME = AppIcon;
				ASSETCATALOG_COMPILER_GLOBAL_ACCENT_COLOR_NAME = AccentColor;
				CODE_SIGN_ENTITLEMENTS = macOS/macOS.entitlements;
				CODE_SIGN_STYLE = Automatic;
				COMBINE_HIDPI_IMAGES = YES;
				DEVELOPMENT_TEAM = DM9BJ949Y5;
				ENABLE_HARDENED_RUNTIME = YES;
				ENABLE_PREVIEWS = YES;
				INFOPLIST_FILE = macOS/Info.plist;
				LD_RUNPATH_SEARCH_PATHS = (
					"$(inherited)",
					"@executable_path/../Frameworks",
				);
				MACOSX_DEPLOYMENT_TARGET = 11.0;
				PRODUCT_BUNDLE_IDENTIFIER = "contoso.UI-Tests";
				PRODUCT_NAME = "UI Tests";
				SDKROOT = macosx;
				SWIFT_VERSION = 5.0;
			};
			name = Release;
		};
/* End XCBuildConfiguration section */

/* Begin XCConfigurationList section */
		547E97F3253491D700E48BD2 /* Build configuration list for PBXProject "UI Tests" */ = {
			isa = XCConfigurationList;
			buildConfigurations = (
				547E980E253491D800E48BD2 /* Debug */,
				547E980F253491D800E48BD2 /* Release */,
			);
			defaultConfigurationIsVisible = 0;
			defaultConfigurationName = Release;
		};
		547E9810253491D800E48BD2 /* Build configuration list for PBXNativeTarget "UI Tests (iOS)" */ = {
			isa = XCConfigurationList;
			buildConfigurations = (
				547E9811253491D800E48BD2 /* Debug */,
				547E9812253491D800E48BD2 /* Release */,
			);
			defaultConfigurationIsVisible = 0;
			defaultConfigurationName = Release;
		};
		547E9813253491D800E48BD2 /* Build configuration list for PBXNativeTarget "UI Tests (macOS)" */ = {
			isa = XCConfigurationList;
			buildConfigurations = (
				547E9814253491D800E48BD2 /* Debug */,
				547E9815253491D800E48BD2 /* Release */,
			);
			defaultConfigurationIsVisible = 0;
			defaultConfigurationName = Release;
		};
/* End XCConfigurationList section */

/* Begin XCSwiftPackageProductDependency section */
		547E982F2534922500E48BD2 /* SwiftUIJson */ = {
			isa = XCSwiftPackageProductDependency;
			productName = SwiftUIJson;
		};
		547E98312534922B00E48BD2 /* SwiftUIJson */ = {
			isa = XCSwiftPackageProductDependency;
			productName = SwiftUIJson;
		};
/* End XCSwiftPackageProductDependency section */
	};
	rootObject = 547E97F0253491D700E48BD2 /* Project object */;
}
